{
  "name": "dt_for_itables",
  "version": "2.0.0",
  "lockfileVersion": 3,
  "requires": true,
  "packages": {
    "": {
      "name": "dt_for_itables",
      "version": "2.0.0",
      "license": "MIT",
      "dependencies": {
        "datatables.net-buttons": "^3.0.0",
        "datatables.net-buttons-dt": "^3.0.0",
        "datatables.net-colreorder-dt": "^2.0.0",
        "datatables.net-dt": "^2.0.0",
        "datatables.net-fixedcolumns-dt": "^5.0.0",
        "datatables.net-keytable-dt": "^2.12.0",
        "datatables.net-rowgroup-dt": "^1.5.0",
        "datatables.net-searchbuilder-dt": "^1.7.0",
        "datatables.net-searchpanes-dt": "^2.3.0",
        "datatables.net-select-dt": "^2.0.0",
        "jquery": "^3.7.1",
        "jszip": "^3.10.1"
      },
      "devDependencies": {
        "esbuild": "*"
      }
    },
    "node_modules/@esbuild/linux-x64": {
      "version": "0.20.1",
      "resolved": "https://registry.npmjs.org/@esbuild/linux-x64/-/linux-x64-0.20.1.tgz",
      "integrity": "sha512-5gRPk7pKuaIB+tmH+yKd2aQTRpqlf1E4f/mC+tawIm/CGJemZcHZpp2ic8oD83nKgUPMEd0fNanrnFljiruuyA==",
      "cpu": [
        "x64"
      ],
      "dev": true,
      "optional": true,
      "os": [
        "linux"
      ],
      "engines": {
        "node": ">=12"
      }
    },
    "node_modules/core-util-is": {
      "version": "1.0.3",
      "resolved": "https://registry.npmjs.org/core-util-is/-/core-util-is-1.0.3.tgz",
      "integrity": "sha512-ZQBvi1DcpJ4GDqanjucZ2Hj3wEO5pZDS89BWbkcrvdxksJorwUDDZamX9ldFkp9aw2lmBDLgkObEA4DWNJ9FYQ=="
    },
    "node_modules/datatables.net": {
      "version": "2.0.2",
      "resolved": "https://registry.npmjs.org/datatables.net/-/datatables.net-2.0.2.tgz",
      "integrity": "sha512-uQM+s1oXhpTajUw5DCxarpfAtQJMh0MKFCLZMCc+UWLWPg8ipe6L2zgDMbRC8n9UCwGVpHOwUYlQu2JU1/PhSg==",
      "dependencies": {
        "jquery": ">=1.7"
      }
    },
    "node_modules/datatables.net-buttons": {
      "version": "3.0.1",
      "resolved": "https://registry.npmjs.org/datatables.net-buttons/-/datatables.net-buttons-3.0.1.tgz",
      "integrity": "sha512-VjTEooHtjHW2VY5/iddTLMRy2G2TtT2GyYwN9EmaMsG4MClD5lWfYdkpv/NMwz175gx7fe1lh/NVAYT4W3jMSg==",
      "dependencies": {
        "datatables.net": "^2",
        "jquery": ">=1.7"
      }
    },
    "node_modules/datatables.net-buttons-dt": {
      "version": "3.0.1",
      "resolved": "https://registry.npmjs.org/datatables.net-buttons-dt/-/datatables.net-buttons-dt-3.0.1.tgz",
      "integrity": "sha512-kfZrc+954qpg6krz1pcVKVhxOzbZByaGHwwO0CcjKdIREBX4la4HkoIZGWsENSYSfdHUkHu9WWa84p9Rl+JtiQ==",
      "dependencies": {
        "datatables.net-buttons": "3.0.1",
        "datatables.net-dt": "^2",
        "jquery": ">=1.7"
      }
    },
    "node_modules/datatables.net-colreorder": {
      "version": "2.0.0",
      "resolved": "https://registry.npmjs.org/datatables.net-colreorder/-/datatables.net-colreorder-2.0.0.tgz",
      "integrity": "sha512-ZsDHKxisGbdBh2IEb+AC6O3LgkBoibCbdXaZKBK6SBUEul085Zt3NUFmieTljXVkDWdewSLg4IvhkE8zKzQjVQ==",
      "dependencies": {
        "datatables.net": ">=2.0.0",
        "jquery": ">=1.7"
      }
    },
    "node_modules/datatables.net-colreorder-dt": {
      "version": "2.0.0",
      "resolved": "https://registry.npmjs.org/datatables.net-colreorder-dt/-/datatables.net-colreorder-dt-2.0.0.tgz",
      "integrity": "sha512-UG1Y0edaz9dDY6W2M+g7itcYnyK5oqO1YtFtRwkqcCvKA4d5+lvk9Va6utkOIsjNZZXiUFHn8ySTTND9MeOyQg==",
      "dependencies": {
        "datatables.net-colreorder": "2.0.0",
        "datatables.net-dt": ">=2.0.0",
        "jquery": ">=1.7"
      }
    },
    "node_modules/datatables.net-dt": {
      "version": "2.0.2",
      "resolved": "https://registry.npmjs.org/datatables.net-dt/-/datatables.net-dt-2.0.2.tgz",
      "integrity": "sha512-/Zpy7ZWGgCbCJB9qJZvaB+KFrdo+8JjjOdxL59/QiG3jquz2ZCsE9u814kbaGKTM1ARkvZVUxDB9IlH5qmHaqw==",
      "dependencies": {
        "datatables.net": "2.0.2",
        "jquery": ">=1.7"
      }
    },
    "node_modules/datatables.net-fixedcolumns": {
      "version": "5.0.0",
      "resolved": "https://registry.npmjs.org/datatables.net-fixedcolumns/-/datatables.net-fixedcolumns-5.0.0.tgz",
      "integrity": "sha512-7dTJrVDkZCicx9g//N3ufuEjvwrZpcmpjbkwrtC5LiQFCnuL/hMOiOb4CBcvTg5OiTU7VmtbBuQkeAJGs3QM5g==",
      "dependencies": {
        "datatables.net": ">=2.0.0",
        "jquery": ">=1.7"
      }
    },
    "node_modules/datatables.net-fixedcolumns-dt": {
      "version": "5.0.0",
      "resolved": "https://registry.npmjs.org/datatables.net-fixedcolumns-dt/-/datatables.net-fixedcolumns-dt-5.0.0.tgz",
      "integrity": "sha512-5KVH6EHeYSXrxrEhKq8HMKqf4iRW4T1dtiDYZRomiwfAh/0iCeaamxgT5OFN8VJ/qpiwnyrDh3SqXA8Te0kE7w==",
      "dependencies": {
        "datatables.net-dt": ">=2.0.0",
        "datatables.net-fixedcolumns": "5.0.0",
        "jquery": ">=1.7"
      }
    },
    "node_modules/datatables.net-keytable": {
      "version": "2.12.0",
      "resolved": "https://registry.npmjs.org/datatables.net-keytable/-/datatables.net-keytable-2.12.0.tgz",
      "integrity": "sha512-vijxMw7ZIB/fDe5FWGiDqe8CPiPXg3lvqK4lL48vQh1zoiE3+0C3za82qM9g/2zbwtIXmOLwBZc2ivrErNVPkA==",
      "dependencies": {
        "datatables.net": ">=1.11.0",
        "jquery": ">=1.7"
      }
    },
    "node_modules/datatables.net-keytable-dt": {
      "version": "2.12.0",
      "resolved": "https://registry.npmjs.org/datatables.net-keytable-dt/-/datatables.net-keytable-dt-2.12.0.tgz",
      "integrity": "sha512-FubrNaitx13Mq2cny2fxuV/Nk6bbmGw6VrH9Df81CT/jVfwAEkwIFirETEoL/hZfQDcD76ujj0b1wNDZ5Bsv9Q==",
      "dependencies": {
        "datatables.net-dt": ">=1.11.0",
        "datatables.net-keytable": "2.12.0",
        "jquery": ">=1.7"
      }
    },
    "node_modules/datatables.net-rowgroup": {
      "version": "1.5.0",
      "resolved": "https://registry.npmjs.org/datatables.net-rowgroup/-/datatables.net-rowgroup-1.5.0.tgz",
      "integrity": "sha512-V/CLJu7rMjxwfhZAv59emZOPw58cwnYmd8NXTTJSnqBDgOZsaC9mtVo0ejBpdqvNw5WmMPy3AJceH+ay6JQ3hA==",
      "dependencies": {
        "datatables.net": ">=1.11.0",
        "jquery": ">=1.7"
      }
    },
    "node_modules/datatables.net-rowgroup-dt": {
      "version": "1.5.0",
      "resolved": "https://registry.npmjs.org/datatables.net-rowgroup-dt/-/datatables.net-rowgroup-dt-1.5.0.tgz",
      "integrity": "sha512-Dmn+ToLeUXDDg58Skie25xiWDy0GfgAMbiB8CMnOWKXH/gnGRjoU1V80R7ll8HbxGB6YfppXkPsPn00XU7c2xA==",
      "dependencies": {
        "datatables.net-dt": ">=1.11.0",
        "datatables.net-rowgroup": "1.5.0",
        "jquery": ">=1.7"
      }
    },
    "node_modules/datatables.net-searchbuilder": {
      "version": "1.7.0",
      "resolved": "https://registry.npmjs.org/datatables.net-searchbuilder/-/datatables.net-searchbuilder-1.7.0.tgz",
      "integrity": "sha512-JGqxDVudgRxrHs/J+VM9O2rcwPgaUjpqBL1MHJAVJw+4vxvAY5Sbb0qP6ayo8h4yZyAE2+aPRm/smJ24N0nztw==",
      "dependencies": {
        "datatables.net": ">=1.11.0",
        "jquery": ">=1.7"
      }
    },
    "node_modules/datatables.net-searchbuilder-dt": {
      "version": "1.7.0",
      "resolved": "https://registry.npmjs.org/datatables.net-searchbuilder-dt/-/datatables.net-searchbuilder-dt-1.7.0.tgz",
      "integrity": "sha512-FKeL5xDEO4dF0CA+Vp4KkAdOdhfoCB3KaWdHiscki/9x4r03e0lD8g0V2oynHe4EshLHxFb/ug1Rd5GLcW/yAg==",
      "dependencies": {
        "datatables.net-dt": ">=1.11.0",
        "datatables.net-searchbuilder": "1.7.0",
        "jquery": ">=1.7"
      }
    },
    "node_modules/datatables.net-searchpanes": {
      "version": "2.3.0",
      "resolved": "https://registry.npmjs.org/datatables.net-searchpanes/-/datatables.net-searchpanes-2.3.0.tgz",
      "integrity": "sha512-AAl03TQXatzQh6gqNot1BAzenMxQ0/mxX+Nzn770mdTUmhVy2VX8pa7/vZlwe0tRbTcZ9VZMBMErCb66i5X3rA==",
      "dependencies": {
        "datatables.net": ">=1.11.0",
        "jquery": ">=1.7"
      }
    },
    "node_modules/datatables.net-searchpanes-dt": {
      "version": "2.3.0",
      "resolved": "https://registry.npmjs.org/datatables.net-searchpanes-dt/-/datatables.net-searchpanes-dt-2.3.0.tgz",
      "integrity": "sha512-ee4sEYYPRb+uXtAGL9KmIyjyyh8Ox4EI0a/GKHsCRrO1BTrnh7lZ+z8hJUc/TZJFDkgbYHh8XGPQXLOZUpIXHA==",
      "dependencies": {
        "datatables.net-dt": ">=1.11.0",
        "datatables.net-searchpanes": "2.3.0",
        "jquery": ">=1.7"
      }
    },
    "node_modules/datatables.net-select": {
      "version": "2.0.0",
      "resolved": "https://registry.npmjs.org/datatables.net-select/-/datatables.net-select-2.0.0.tgz",
      "integrity": "sha512-sKMNoTlJejk5FfZo6Niwdn2/bHSDYiIt5WuMSsXzMGiCTIPtnDiYjNHF843vToKiTTsi+6T0zUuWddHLGPRsxA==",
      "dependencies": {
        "datatables.net": ">=2.0.0",
        "jquery": ">=1.7"
      }
    },
    "node_modules/datatables.net-select-dt": {
      "version": "2.0.0",
      "resolved": "https://registry.npmjs.org/datatables.net-select-dt/-/datatables.net-select-dt-2.0.0.tgz",
      "integrity": "sha512-w6uP7Q4/U675dkrC2Lg0B3P7cwUTxfyUgcc+Qt4XUyAqa+6rk/YjiYHfsrDZ9vUZdu66DFdj7hNZtZfkBBPjLg==",
      "dependencies": {
        "datatables.net-dt": ">=2.0.0",
        "datatables.net-select": "2.0.0",
        "jquery": ">=1.7"
      }
    },
    "node_modules/esbuild": {
      "version": "0.20.1",
      "resolved": "https://registry.npmjs.org/esbuild/-/esbuild-0.20.1.tgz",
      "integrity": "sha512-OJwEgrpWm/PCMsLVWXKqvcjme3bHNpOgN7Tb6cQnR5n0TPbQx1/Xrn7rqM+wn17bYeT6MGB5sn1Bh5YiGi70nA==",
      "dev": true,
      "hasInstallScript": true,
      "bin": {
        "esbuild": "bin/esbuild"
      },
      "engines": {
        "node": ">=12"
      },
      "optionalDependencies": {
        "@esbuild/aix-ppc64": "0.20.1",
        "@esbuild/android-arm": "0.20.1",
        "@esbuild/android-arm64": "0.20.1",
        "@esbuild/android-x64": "0.20.1",
        "@esbuild/darwin-arm64": "0.20.1",
        "@esbuild/darwin-x64": "0.20.1",
        "@esbuild/freebsd-arm64": "0.20.1",
        "@esbuild/freebsd-x64": "0.20.1",
        "@esbuild/linux-arm": "0.20.1",
        "@esbuild/linux-arm64": "0.20.1",
        "@esbuild/linux-ia32": "0.20.1",
        "@esbuild/linux-loong64": "0.20.1",
        "@esbuild/linux-mips64el": "0.20.1",
        "@esbuild/linux-ppc64": "0.20.1",
        "@esbuild/linux-riscv64": "0.20.1",
        "@esbuild/linux-s390x": "0.20.1",
        "@esbuild/linux-x64": "0.20.1",
        "@esbuild/netbsd-x64": "0.20.1",
        "@esbuild/openbsd-x64": "0.20.1",
        "@esbuild/sunos-x64": "0.20.1",
        "@esbuild/win32-arm64": "0.20.1",
        "@esbuild/win32-ia32": "0.20.1",
        "@esbuild/win32-x64": "0.20.1"
      }
    },
    "node_modules/immediate": {
      "version": "3.0.6",
      "resolved": "https://registry.npmjs.org/immediate/-/immediate-3.0.6.tgz",
      "integrity": "sha512-XXOFtyqDjNDAQxVfYxuF7g9Il/IbWmmlQg2MYKOH8ExIT1qg6xc4zyS3HaEEATgs1btfzxq15ciUiY7gjSXRGQ=="
    },
    "node_modules/inherits": {
      "version": "2.0.4",
      "resolved": "https://registry.npmjs.org/inherits/-/inherits-2.0.4.tgz",
      "integrity": "sha512-k/vGaX4/Yla3WzyMCvTQOXYeIHvqOKtnqBduzTHpzpQZzAskKMhZ2K+EnBiSM9zGSoIFeMpXKxa4dYeZIQqewQ=="
    },
    "node_modules/isarray": {
      "version": "1.0.0",
      "resolved": "https://registry.npmjs.org/isarray/-/isarray-1.0.0.tgz",
      "integrity": "sha512-VLghIWNM6ELQzo7zwmcg0NmTVyWKYjvIeM83yjp0wRDTmUnrM678fQbcKBo6n2CJEF0szoG//ytg+TKla89ALQ=="
    },
    "node_modules/jquery": {
      "version": "3.7.1",
      "resolved": "https://registry.npmjs.org/jquery/-/jquery-3.7.1.tgz",
      "integrity": "sha512-m4avr8yL8kmFN8psrbFFFmB/If14iN5o9nw/NgnnM+kybDJpRsAynV2BsfpTYrTRysYUdADVD7CkUUizgkpLfg=="
    },
    "node_modules/jszip": {
      "version": "3.10.1",
      "resolved": "https://registry.npmjs.org/jszip/-/jszip-3.10.1.tgz",
      "integrity": "sha512-xXDvecyTpGLrqFrvkrUSoxxfJI5AH7U8zxxtVclpsUtMCq4JQ290LY8AW5c7Ggnr/Y/oK+bQMbqK2qmtk3pN4g==",
      "dependencies": {
        "lie": "~3.3.0",
        "pako": "~1.0.2",
        "readable-stream": "~2.3.6",
        "setimmediate": "^1.0.5"
      }
    },
    "node_modules/lie": {
      "version": "3.3.0",
      "resolved": "https://registry.npmjs.org/lie/-/lie-3.3.0.tgz",
      "integrity": "sha512-UaiMJzeWRlEujzAuw5LokY1L5ecNQYZKfmyZ9L7wDHb/p5etKaxXhohBcrw0EYby+G/NA52vRSN4N39dxHAIwQ==",
      "dependencies": {
        "immediate": "~3.0.5"
      }
    },
    "node_modules/pako": {
      "version": "1.0.11",
      "resolved": "https://registry.npmjs.org/pako/-/pako-1.0.11.tgz",
      "integrity": "sha512-4hLB8Py4zZce5s4yd9XzopqwVv/yGNhV1Bl8NTmCq1763HeK2+EwVTv+leGeL13Dnh2wfbqowVPXCIO0z4taYw=="
    },
    "node_modules/process-nextick-args": {
      "version": "2.0.1",
      "resolved": "https://registry.npmjs.org/process-nextick-args/-/process-nextick-args-2.0.1.tgz",
      "integrity": "sha512-3ouUOpQhtgrbOa17J7+uxOTpITYWaGP7/AhoR3+A+/1e9skrzelGi/dXzEYyvbxubEF6Wn2ypscTKiKJFFn1ag=="
    },
    "node_modules/readable-stream": {
      "version": "2.3.8",
      "resolved": "https://registry.npmjs.org/readable-stream/-/readable-stream-2.3.8.tgz",
      "integrity": "sha512-8p0AUk4XODgIewSi0l8Epjs+EVnWiK7NoDIEGU0HhE7+ZyY8D1IMY7odu5lRrFXGg71L15KG8QrPmum45RTtdA==",
      "dependencies": {
        "core-util-is": "~1.0.0",
        "inherits": "~2.0.3",
        "isarray": "~1.0.0",
        "process-nextick-args": "~2.0.0",
        "safe-buffer": "~5.1.1",
        "string_decoder": "~1.1.1",
        "util-deprecate": "~1.0.1"
      }
    },
    "node_modules/safe-buffer": {
      "version": "5.1.2",
      "resolved": "https://registry.npmjs.org/safe-buffer/-/safe-buffer-5.1.2.tgz",
      "integrity": "sha512-Gd2UZBJDkXlY7GbJxfsE8/nvKkUEU1G38c1siN6QP6a9PT9MmHB8GnpscSmMJSoF8LOIrt8ud/wPtojys4G6+g=="
    },
    "node_modules/setimmediate": {
      "version": "1.0.5",
      "resolved": "https://registry.npmjs.org/setimmediate/-/setimmediate-1.0.5.tgz",
      "integrity": "sha512-MATJdZp8sLqDl/68LfQmbP8zKPLQNV6BIZoIgrscFDQ+RsvK/BxeDQOgyxKKoh0y/8h3BqVFnCqQ/gd+reiIXA=="
    },
    "node_modules/string_decoder": {
      "version": "1.1.1",
      "resolved": "https://registry.npmjs.org/string_decoder/-/string_decoder-1.1.1.tgz",
      "integrity": "sha512-n/ShnvDi6FHbbVfviro+WojiFzv+s8MPMHBczVePfUpDJLwoLT0ht1l4YwBCbi8pJAveEEdnkHyPyTP/mzRfwg==",
      "dependencies": {
        "safe-buffer": "~5.1.0"
      }
    },
    "node_modules/util-deprecate": {
      "version": "1.0.2",
      "resolved": "https://registry.npmjs.org/util-deprecate/-/util-deprecate-1.0.2.tgz",
      "integrity": "sha512-EPD5q1uXyFxJpCrLnCc1nHnq3gOa6DZBocAIiI2TaSCA7VCJ1UJDMagCzIkXNsUYfD1daK//LTEQ8xiIbrHtcw=="
    }
  }
}
