{
  "name": "pyaggrid",
  "version": "0.1.0",
  "lockfileVersion": 3,
  "requires": true,
  "packages": {
    "": {
      "name": "pyaggrid",
      "version": "0.1.0",
      "license": "MIT",
      "dependencies": {
        "ag-grid-community": "^35.3.1"
      }
    },
    "node_modules/ag-charts-types": {
      "version": "13.3.1",
      "resolved": "https://registry.npmjs.org/ag-charts-types/-/ag-charts-types-13.3.1.tgz",
      "integrity": "sha512-m37eUe4g//swvGh8PWMlYQH3gknjSsPeW4sQwBhM3/auGAHmN0wvxEWlrdAn98pBPg4HoKbtOy+yf7gPCYsnvQ==",
      "license": "MIT"
    },
    "node_modules/ag-grid-community": {
      "version": "35.3.1",
      "resolved": "https://registry.npmjs.org/ag-grid-community/-/ag-grid-community-35.3.1.tgz",
      "integrity": "sha512-Wmkd/xYTCbAApcZZO74nBggZCnd/oX753NY3MJ4zYARVpfBHRWWhIBJ2sFTFKbDWwHZOWsx3YT9+kkyeuyLKlw==",
      "license": "MIT",
      "dependencies": {
        "ag-charts-types": "13.3.1"
      }
    }
  }
}
