{
  "name": "pydatatables-assets",
  "version": "3.0.0",
  "lockfileVersion": 3,
  "requires": true,
  "packages": {
    "": {
      "name": "pydatatables-assets",
      "version": "3.0.0",
      "license": "MIT",
      "dependencies": {
        "datatables.net-buttons": "^4.0.3",
        "datatables.net-buttons-dt": "^4.0.3",
        "datatables.net-colreorder-dt": "^3.0.2",
        "datatables.net-columncontrol": "^2.0.2",
        "datatables.net-columncontrol-dt": "^2.0.2",
        "datatables.net-datetime": "^2.0.0",
        "datatables.net-dt": "^3.0.4",
        "datatables.net-fixedcolumns-dt": "^6.0.0",
        "datatables.net-fixedheader-dt": "^5.0.0",
        "datatables.net-keytable-dt": "^3.0.0",
        "datatables.net-plugins": "^3.0.2",
        "datatables.net-rowgroup-dt": "^2.0.0",
        "datatables.net-scroller-dt": "^3.0.0",
        "datatables.net-searchbuilder-dt": "^2.0.1",
        "datatables.net-searchpanes-dt": "^2.3.5",
        "datatables.net-select-dt": "^4.0.1",
        "jquery": "^4.0.0",
        "jszip": "^3.10.2"
      },
      "devDependencies": {
        "esbuild": "^0.28.2"
      }
    },
    "node_modules/@esbuild/aix-ppc64": {
      "version": "0.28.2",
      "resolved": "https://registry.npmjs.org/@esbuild/aix-ppc64/-/aix-ppc64-0.28.2.tgz",
      "integrity": "sha512-XExcO+dvLKvVtNTibSTBej1NCAbaGhWn9Ww1ZPx80qsahhPFe/8jgWP0IchNe0F3HwkU7n8ejhH8bjonqht8mQ==",
      "cpu": [
        "ppc64"
      ],
      "dev": true,
      "license": "MIT",
      "optional": true,
      "os": [
        "aix"
      ],
      "engines": {
        "node": ">=18"
      }
    },
    "node_modules/@esbuild/android-arm": {
      "version": "0.28.2",
      "resolved": "https://registry.npmjs.org/@esbuild/android-arm/-/android-arm-0.28.2.tgz",
      "integrity": "sha512-kXXoiPVVGQcnIYGOeaovwOURpniDBpSq4A03qkQ+BMQqtGG6HYap3xne9C1O1yo4TR3qxlCX5IqqmX6fFo2Lqg==",
      "cpu": [
        "arm"
      ],
      "dev": true,
      "license": "MIT",
      "optional": true,
      "os": [
        "android"
      ],
      "engines": {
        "node": ">=18"
      }
    },
    "node_modules/@esbuild/android-arm64": {
      "version": "0.28.2",
      "resolved": "https://registry.npmjs.org/@esbuild/android-arm64/-/android-arm64-0.28.2.tgz",
      "integrity": "sha512-5YfKeeI8qWfBZIX+u2xZC3Zlb3Os/gLS2sbEKM+I4ZOcsWmHS2WLysCcQZDAFRslDUU5Oiq44gf6PYN1vGwG5A==",
      "cpu": [
        "arm64"
      ],
      "dev": true,
      "license": "MIT",
      "optional": true,
      "os": [
        "android"
      ],
      "engines": {
        "node": ">=18"
      }
    },
    "node_modules/@esbuild/android-x64": {
      "version": "0.28.2",
      "resolved": "https://registry.npmjs.org/@esbuild/android-x64/-/android-x64-0.28.2.tgz",
      "integrity": "sha512-O387ite7SzUyCcy3JQX4P4bLtEA7bLLkx+esve5JHnyYfNTxcVpXZo9jhdB0lTKN44gztELTdU7nS8Nr16Fs1Q==",
      "cpu": [
        "x64"
      ],
      "dev": true,
      "license": "MIT",
      "optional": true,
      "os": [
        "android"
      ],
      "engines": {
        "node": ">=18"
      }
    },
    "node_modules/@esbuild/darwin-arm64": {
      "version": "0.28.2",
      "resolved": "https://registry.npmjs.org/@esbuild/darwin-arm64/-/darwin-arm64-0.28.2.tgz",
      "integrity": "sha512-n4KqkOQrraxHJcgjM1RvwbigfQKIKJVpM7xp+KsxiyUSrRdIXnt73VhrPAx0fV44hgfmIVKjxMN9J1t5jySVkw==",
      "cpu": [
        "arm64"
      ],
      "dev": true,
      "license": "MIT",
      "optional": true,
      "os": [
        "darwin"
      ],
      "engines": {
        "node": ">=18"
      }
    },
    "node_modules/@esbuild/darwin-x64": {
      "version": "0.28.2",
      "resolved": "https://registry.npmjs.org/@esbuild/darwin-x64/-/darwin-x64-0.28.2.tgz",
      "integrity": "sha512-uq6suIWYP37qzGddBKPw5QEQPi6HiLGsO7UmkpfyaYNQ3D+rN6w6WfwH+nuqcGXWvawGwxOEroO4YGnFh95azw==",
      "cpu": [
        "x64"
      ],
      "dev": true,
      "license": "MIT",
      "optional": true,
      "os": [
        "darwin"
      ],
      "engines": {
        "node": ">=18"
      }
    },
    "node_modules/@esbuild/freebsd-arm64": {
      "version": "0.28.2",
      "resolved": "https://registry.npmjs.org/@esbuild/freebsd-arm64/-/freebsd-arm64-0.28.2.tgz",
      "integrity": "sha512-n+I0BTSRIoy+d6RPKnEVwql5UwBJolytvY4mAOIEJorKlqgPII8ix6slVVrfZ5Tnj7glIZvloylbB/EJPMWEXw==",
      "cpu": [
        "arm64"
      ],
      "dev": true,
      "license": "MIT",
      "optional": true,
      "os": [
        "freebsd"
      ],
      "engines": {
        "node": ">=18"
      }
    },
    "node_modules/@esbuild/freebsd-x64": {
      "version": "0.28.2",
      "resolved": "https://registry.npmjs.org/@esbuild/freebsd-x64/-/freebsd-x64-0.28.2.tgz",
      "integrity": "sha512-78XJTJkvPs0kz2w61301PJjXl4g7q3JqiYMZ/M/yVI73EHBrCRTgkhu9oqG7vPqq+a/yadEW8aD+agKlk5xrmg==",
      "cpu": [
        "x64"
      ],
      "dev": true,
      "license": "MIT",
      "optional": true,
      "os": [
        "freebsd"
      ],
      "engines": {
        "node": ">=18"
      }
    },
    "node_modules/@esbuild/linux-arm": {
      "version": "0.28.2",
      "resolved": "https://registry.npmjs.org/@esbuild/linux-arm/-/linux-arm-0.28.2.tgz",
      "integrity": "sha512-XlDnu2q5yoqems+xay6wSAcg9DDD7K9RLKZEBOMZm3ckNpJBvOX20tSfby8KfrrhINDyv9V2YVZKY/SpoGJI8w==",
      "cpu": [
        "arm"
      ],
      "dev": true,
      "license": "MIT",
      "optional": true,
      "os": [
        "linux"
      ],
      "engines": {
        "node": ">=18"
      }
    },
    "node_modules/@esbuild/linux-arm64": {
      "version": "0.28.2",
      "resolved": "https://registry.npmjs.org/@esbuild/linux-arm64/-/linux-arm64-0.28.2.tgz",
      "integrity": "sha512-pW4AC0P3it8c7do9MVM4p51FzHzdM/TZrerurgRcHJ2WTa1VQ1CIq18xncfpBJw4ojkiZZrKW2yIBWBP92j6Ug==",
      "cpu": [
        "arm64"
      ],
      "dev": true,
      "license": "MIT",
      "optional": true,
      "os": [
        "linux"
      ],
      "engines": {
        "node": ">=18"
      }
    },
    "node_modules/@esbuild/linux-ia32": {
      "version": "0.28.2",
      "resolved": "https://registry.npmjs.org/@esbuild/linux-ia32/-/linux-ia32-0.28.2.tgz",
      "integrity": "sha512-CYbnj78HsIeA+DhgUKgFCfvNsTHFhMMrinUrMZpDXJXKN8T3XViTZ/+wtHeVxEWY8ewSzTFN+nRmSwO2tZaLUQ==",
      "cpu": [
        "ia32"
      ],
      "dev": true,
      "license": "MIT",
      "optional": true,
      "os": [
        "linux"
      ],
      "engines": {
        "node": ">=18"
      }
    },
    "node_modules/@esbuild/linux-loong64": {
      "version": "0.28.2",
      "resolved": "https://registry.npmjs.org/@esbuild/linux-loong64/-/linux-loong64-0.28.2.tgz",
      "integrity": "sha512-buwkd8nsph4R+ajRvw0qM5Hja/TXQow3ptzWO2EbG/cqcIkHloRrdlBtQlshyYGTNFvfkfJ5tpPLVkY4DtsPfQ==",
      "cpu": [
        "loong64"
      ],
      "dev": true,
      "license": "MIT",
      "optional": true,
      "os": [
        "linux"
      ],
      "engines": {
        "node": ">=18"
      }
    },
    "node_modules/@esbuild/linux-mips64el": {
      "version": "0.28.2",
      "resolved": "https://registry.npmjs.org/@esbuild/linux-mips64el/-/linux-mips64el-0.28.2.tgz",
      "integrity": "sha512-ZVykbDyk7519VwiNb9Lcj9m8XM6v5V9uKPvrEMkkEedVewf+0itkhahp4HDpgERXhwLRpWFypsGbG/J8s0QjJA==",
      "cpu": [
        "mips64el"
      ],
      "dev": true,
      "license": "MIT",
      "optional": true,
      "os": [
        "linux"
      ],
      "engines": {
        "node": ">=18"
      }
    },
    "node_modules/@esbuild/linux-ppc64": {
      "version": "0.28.2",
      "resolved": "https://registry.npmjs.org/@esbuild/linux-ppc64/-/linux-ppc64-0.28.2.tgz",
      "integrity": "sha512-CAXl+Dtd9UUuJd8pKKdwh6MLm3MUMiqMPmhZ3tTSXPqfyQ3vDl6R5hZdZ/kYojK4ofXtdfSv1tFq8XzWx3heNQ==",
      "cpu": [
        "ppc64"
      ],
      "dev": true,
      "license": "MIT",
      "optional": true,
      "os": [
        "linux"
      ],
      "engines": {
        "node": ">=18"
      }
    },
    "node_modules/@esbuild/linux-riscv64": {
      "version": "0.28.2",
      "resolved": "https://registry.npmjs.org/@esbuild/linux-riscv64/-/linux-riscv64-0.28.2.tgz",
      "integrity": "sha512-GeXCej4IQtU1B+QlDV8W/RRvbzI3O/Stss+/bCXv4lZls5WGRtu2a+3JkA3i4qIUlMXpcHebWpF8AkJhATowuA==",
      "cpu": [
        "riscv64"
      ],
      "dev": true,
      "license": "MIT",
      "optional": true,
      "os": [
        "linux"
      ],
      "engines": {
        "node": ">=18"
      }
    },
    "node_modules/@esbuild/linux-s390x": {
      "version": "0.28.2",
      "resolved": "https://registry.npmjs.org/@esbuild/linux-s390x/-/linux-s390x-0.28.2.tgz",
      "integrity": "sha512-3H1weTYZPxt/WOhByszQZybS9w5lKzUn1FDMsgEChbHWQwHYQQRfBxgCcZvPhjHfKyJjIievvMmEUawJrdY9Dg==",
      "cpu": [
        "s390x"
      ],
      "dev": true,
      "license": "MIT",
      "optional": true,
      "os": [
        "linux"
      ],
      "engines": {
        "node": ">=18"
      }
    },
    "node_modules/@esbuild/linux-x64": {
      "version": "0.28.2",
      "resolved": "https://registry.npmjs.org/@esbuild/linux-x64/-/linux-x64-0.28.2.tgz",
      "integrity": "sha512-4xTZr1FUmSoQW4XIWmit3tzQrUTZM+N3P0XV8xROKYF50XfI7xeO90+1bZvNwxIufQ9hDQVRJH5YhgPVF8A/HQ==",
      "cpu": [
        "x64"
      ],
      "dev": true,
      "license": "MIT",
      "optional": true,
      "os": [
        "linux"
      ],
      "engines": {
        "node": ">=18"
      }
    },
    "node_modules/@esbuild/netbsd-arm64": {
      "version": "0.28.2",
      "resolved": "https://registry.npmjs.org/@esbuild/netbsd-arm64/-/netbsd-arm64-0.28.2.tgz",
      "integrity": "sha512-sSATRjPeDBg3pdgHoQfoYBob11Kk1FGa9lui5RIHZCoCkJa9QKlvl3/vKz2usCmYYjs7ymJR/2Nnsqe+Hjt5nw==",
      "cpu": [
        "arm64"
      ],
      "dev": true,
      "license": "MIT",
      "optional": true,
      "os": [
        "netbsd"
      ],
      "engines": {
        "node": ">=18"
      }
    },
    "node_modules/@esbuild/netbsd-x64": {
      "version": "0.28.2",
      "resolved": "https://registry.npmjs.org/@esbuild/netbsd-x64/-/netbsd-x64-0.28.2.tgz",
      "integrity": "sha512-lqnzCV+mM0gIADaKihiCg6ifgfU2L3h5E33rNQBN1Y4MaVGnzryzmvvf7UHxprpQdE8hpqLolJ9Rl+SkIRDpyw==",
      "cpu": [
        "x64"
      ],
      "dev": true,
      "license": "MIT",
      "optional": true,
      "os": [
        "netbsd"
      ],
      "engines": {
        "node": ">=18"
      }
    },
    "node_modules/@esbuild/openbsd-arm64": {
      "version": "0.28.2",
      "resolved": "https://registry.npmjs.org/@esbuild/openbsd-arm64/-/openbsd-arm64-0.28.2.tgz",
      "integrity": "sha512-AL2qJILH7lNjrDmCQDvdxMfAUIv8KMNZOvrwAQ8i8//ntL9FflhOyMJ8OZSMBb8/AWXe3/5v5S20y3zCoZWKoQ==",
      "cpu": [
        "arm64"
      ],
      "dev": true,
      "license": "MIT",
      "optional": true,
      "os": [
        "openbsd"
      ],
      "engines": {
        "node": ">=18"
      }
    },
    "node_modules/@esbuild/openbsd-x64": {
      "version": "0.28.2",
      "resolved": "https://registry.npmjs.org/@esbuild/openbsd-x64/-/openbsd-x64-0.28.2.tgz",
      "integrity": "sha512-QtiuPytchRyC4rwUKhexJdQKvDuZ6hWloi3igqPQNUJCS1/v9EiO3UTOXR6A3FoMo4fnAKbWJdqaIwhOzh8qEw==",
      "cpu": [
        "x64"
      ],
      "dev": true,
      "license": "MIT",
      "optional": true,
      "os": [
        "openbsd"
      ],
      "engines": {
        "node": ">=18"
      }
    },
    "node_modules/@esbuild/openharmony-arm64": {
      "version": "0.28.2",
      "resolved": "https://registry.npmjs.org/@esbuild/openharmony-arm64/-/openharmony-arm64-0.28.2.tgz",
      "integrity": "sha512-WkhYDmpTjLvGlScA1rwjRUmhl4k8oXR3cIbtqWmELgU/dFeHHlEllxDvdWcNJV9rbzCexB5vz8gtNewWLgCT7Q==",
      "cpu": [
        "arm64"
      ],
      "dev": true,
      "license": "MIT",
      "optional": true,
      "os": [
        "openharmony"
      ],
      "engines": {
        "node": ">=18"
      }
    },
    "node_modules/@esbuild/sunos-x64": {
      "version": "0.28.2",
      "resolved": "https://registry.npmjs.org/@esbuild/sunos-x64/-/sunos-x64-0.28.2.tgz",
      "integrity": "sha512-GPMSkTOtMnv2U2F8gxe4Io6qmVs+YKyp832Etqqxr0hFngmXQ3rzwytelm3GIn7T4VviRUlf3sOgBOiTdvaf7g==",
      "cpu": [
        "x64"
      ],
      "dev": true,
      "license": "MIT",
      "optional": true,
      "os": [
        "sunos"
      ],
      "engines": {
        "node": ">=18"
      }
    },
    "node_modules/@esbuild/win32-arm64": {
      "version": "0.28.2",
      "resolved": "https://registry.npmjs.org/@esbuild/win32-arm64/-/win32-arm64-0.28.2.tgz",
      "integrity": "sha512-PIhhEkE9uPBleRBrQEJpUn7MBnibZzbGzYWPmY3x+YoVg/95zbjB4CxPPOQ8l5tYYM4mMaCthF8/1DIfBQQyWQ==",
      "cpu": [
        "arm64"
      ],
      "dev": true,
      "license": "MIT",
      "optional": true,
      "os": [
        "win32"
      ],
      "engines": {
        "node": ">=18"
      }
    },
    "node_modules/@esbuild/win32-ia32": {
      "version": "0.28.2",
      "resolved": "https://registry.npmjs.org/@esbuild/win32-ia32/-/win32-ia32-0.28.2.tgz",
      "integrity": "sha512-YmJbfTlvU7Sdn9BB+4PRES4oB6pxgS37MAONj+hBr/cpXS1aBPKXxNnDbu+QCWPj0o9dgyxeq79g6c5P8KeuYA==",
      "cpu": [
        "ia32"
      ],
      "dev": true,
      "license": "MIT",
      "optional": true,
      "os": [
        "win32"
      ],
      "engines": {
        "node": ">=18"
      }
    },
    "node_modules/@esbuild/win32-x64": {
      "version": "0.28.2",
      "resolved": "https://registry.npmjs.org/@esbuild/win32-x64/-/win32-x64-0.28.2.tgz",
      "integrity": "sha512-5ebpxr3nWMzrL/rnUI755Jkuee0bHL/Gq0WTF9lvcpv73wAp5eu8MfBUgWK9bhWvZjj7yX8etf/8tI8Ney695g==",
      "cpu": [
        "x64"
      ],
      "dev": true,
      "license": "MIT",
      "optional": true,
      "os": [
        "win32"
      ],
      "engines": {
        "node": ">=18"
      }
    },
    "node_modules/core-util-is": {
      "version": "1.0.3",
      "resolved": "https://registry.npmjs.org/core-util-is/-/core-util-is-1.0.3.tgz",
      "integrity": "sha512-ZQBvi1DcpJ4GDqanjucZ2Hj3wEO5pZDS89BWbkcrvdxksJorwUDDZamX9ldFkp9aw2lmBDLgkObEA4DWNJ9FYQ==",
      "license": "MIT"
    },
    "node_modules/datatables.net": {
      "version": "2.3.8",
      "resolved": "https://registry.npmjs.org/datatables.net/-/datatables.net-2.3.8.tgz",
      "integrity": "sha512-uhViowhlDlheAuo5a8TrkQqADsjrtGeOyvrigvr4t0+K3MyAWqClORXWAYIcN9VLX6iIX0C8O9gwJNd01hITRg==",
      "license": "MIT",
      "dependencies": {
        "jquery": ">=1.7"
      }
    },
    "node_modules/datatables.net-buttons": {
      "version": "4.0.3",
      "resolved": "https://registry.npmjs.org/datatables.net-buttons/-/datatables.net-buttons-4.0.3.tgz",
      "integrity": "sha512-C3tCl5mMwsn+HCistHJZ1e5jA8BqnKiC4CCm1PRV9FnARZHOae/sXDVOsV1LVmoDTQZiDZ7H45Zd4tTXs2HvQA==",
      "license": "MIT",
      "dependencies": {
        "datatables.net": "^3"
      }
    },
    "node_modules/datatables.net-buttons-dt": {
      "version": "4.0.3",
      "resolved": "https://registry.npmjs.org/datatables.net-buttons-dt/-/datatables.net-buttons-dt-4.0.3.tgz",
      "integrity": "sha512-8JcBZMb8Pyj67R6p72Ip69jIpshY8dMCBlsGzHRrrXblpH/tFeBTfytMM/4V+CxqZHb0dB6Q0MfOxqESenieTQ==",
      "license": "MIT",
      "dependencies": {
        "datatables.net-buttons": "4.0.3",
        "datatables.net-dt": "^3"
      }
    },
    "node_modules/datatables.net-buttons/node_modules/datatables.net": {
      "version": "3.0.4",
      "resolved": "https://registry.npmjs.org/datatables.net/-/datatables.net-3.0.4.tgz",
      "integrity": "sha512-jbT0Pc4Xq1i5kTYVhqg0vh11DsqWj3AkgVgdJLUqK7264Xi+QWLI4ekee8X50sRPKzJQxaXDHrxh5hnGO49BqQ==",
      "license": "MIT"
    },
    "node_modules/datatables.net-colreorder": {
      "version": "3.0.2",
      "resolved": "https://registry.npmjs.org/datatables.net-colreorder/-/datatables.net-colreorder-3.0.2.tgz",
      "integrity": "sha512-Yo4yjX2fpE9U8vCgDStR7KXEwDVdPxvTnShZMbnNNGDNjX8AY0MomDOWj217ZGZiNqL09g5g1liui7fwzFq5nQ==",
      "license": "MIT",
      "dependencies": {
        "datatables.net": "^3"
      }
    },
    "node_modules/datatables.net-colreorder-dt": {
      "version": "3.0.2",
      "resolved": "https://registry.npmjs.org/datatables.net-colreorder-dt/-/datatables.net-colreorder-dt-3.0.2.tgz",
      "integrity": "sha512-AMyp8EkMKgTQ4ThQiZ/iUIoKLuVbs3e8EC8N8Oz5I2EppHH6mnRIcRAPISIN/8U2g6E8Yyy6hnzaPKpVOUSaoQ==",
      "license": "MIT",
      "dependencies": {
        "datatables.net-colreorder": "3.0.2",
        "datatables.net-dt": "^3"
      }
    },
    "node_modules/datatables.net-colreorder/node_modules/datatables.net": {
      "version": "3.0.4",
      "resolved": "https://registry.npmjs.org/datatables.net/-/datatables.net-3.0.4.tgz",
      "integrity": "sha512-jbT0Pc4Xq1i5kTYVhqg0vh11DsqWj3AkgVgdJLUqK7264Xi+QWLI4ekee8X50sRPKzJQxaXDHrxh5hnGO49BqQ==",
      "license": "MIT"
    },
    "node_modules/datatables.net-columncontrol": {
      "version": "2.0.2",
      "resolved": "https://registry.npmjs.org/datatables.net-columncontrol/-/datatables.net-columncontrol-2.0.2.tgz",
      "integrity": "sha512-nQO4bUTbaekTkg5V7Tj/ThYPhQa7cMIPGmFIX4sRp6GdQLv2+S/ZSw2NUl5qBBtmmBJe302zbrqmOPdoFD6F7Q==",
      "license": "MIT",
      "dependencies": {
        "datatables.net": "^3"
      }
    },
    "node_modules/datatables.net-columncontrol-dt": {
      "version": "2.0.2",
      "resolved": "https://registry.npmjs.org/datatables.net-columncontrol-dt/-/datatables.net-columncontrol-dt-2.0.2.tgz",
      "integrity": "sha512-qz9d/BkOthUI6QBJ7hV7/mYsmP87wjbZG3aBFVy3nStTecTV9FqbNyhEpbwb4IlFofAVdfkRRDud5tAaX8VZMw==",
      "license": "MIT",
      "dependencies": {
        "datatables.net-columncontrol": "2.0.2",
        "datatables.net-dt": "^3"
      }
    },
    "node_modules/datatables.net-columncontrol/node_modules/datatables.net": {
      "version": "3.0.4",
      "resolved": "https://registry.npmjs.org/datatables.net/-/datatables.net-3.0.4.tgz",
      "integrity": "sha512-jbT0Pc4Xq1i5kTYVhqg0vh11DsqWj3AkgVgdJLUqK7264Xi+QWLI4ekee8X50sRPKzJQxaXDHrxh5hnGO49BqQ==",
      "license": "MIT"
    },
    "node_modules/datatables.net-datetime": {
      "version": "2.0.0",
      "resolved": "https://registry.npmjs.org/datatables.net-datetime/-/datatables.net-datetime-2.0.0.tgz",
      "integrity": "sha512-mPm+ijbMOGWkwOR648GaukCOBei7AdEf1A8Ngq4EHGZlvH0XeWN7GxqzznNWewjH2s/kIs5+ePPPeAoghDAg4w==",
      "license": "MIT",
      "dependencies": {
        "datatables.net": "^3"
      }
    },
    "node_modules/datatables.net-datetime/node_modules/datatables.net": {
      "version": "3.0.4",
      "resolved": "https://registry.npmjs.org/datatables.net/-/datatables.net-3.0.4.tgz",
      "integrity": "sha512-jbT0Pc4Xq1i5kTYVhqg0vh11DsqWj3AkgVgdJLUqK7264Xi+QWLI4ekee8X50sRPKzJQxaXDHrxh5hnGO49BqQ==",
      "license": "MIT"
    },
    "node_modules/datatables.net-dt": {
      "version": "3.0.4",
      "resolved": "https://registry.npmjs.org/datatables.net-dt/-/datatables.net-dt-3.0.4.tgz",
      "integrity": "sha512-4ageAKiv2H+1iHvWuWGG3PiMxo+/k+iqeqUplwQLRming8o3R/PpA29lR0rO876jDDgOkY7/U87k7SAEt8WCMA==",
      "license": "MIT",
      "dependencies": {
        "datatables.net": "3.0.4"
      }
    },
    "node_modules/datatables.net-dt/node_modules/datatables.net": {
      "version": "3.0.4",
      "resolved": "https://registry.npmjs.org/datatables.net/-/datatables.net-3.0.4.tgz",
      "integrity": "sha512-jbT0Pc4Xq1i5kTYVhqg0vh11DsqWj3AkgVgdJLUqK7264Xi+QWLI4ekee8X50sRPKzJQxaXDHrxh5hnGO49BqQ==",
      "license": "MIT"
    },
    "node_modules/datatables.net-fixedcolumns": {
      "version": "6.0.0",
      "resolved": "https://registry.npmjs.org/datatables.net-fixedcolumns/-/datatables.net-fixedcolumns-6.0.0.tgz",
      "integrity": "sha512-MbmCYZyv0KtDlr+NoCbNpINDlaxVc6y64BFYGUnSVzLfVLFwPo3ZFbLwfFZu1rpCSPi0yS2OiGcwJd2zTPUxEw==",
      "license": "MIT",
      "dependencies": {
        "datatables.net": "^3"
      }
    },
    "node_modules/datatables.net-fixedcolumns-dt": {
      "version": "6.0.0",
      "resolved": "https://registry.npmjs.org/datatables.net-fixedcolumns-dt/-/datatables.net-fixedcolumns-dt-6.0.0.tgz",
      "integrity": "sha512-WyAsYaQrnJc4ausgrwKe8m8DG7QzxJaE4SuVSLf+NXhu/PeUZkuBFcoyvME33rk7GCTBObmQ2f8KjBhINz8Ssg==",
      "license": "MIT",
      "dependencies": {
        "datatables.net-dt": "^3",
        "datatables.net-fixedcolumns": "6.0.0"
      }
    },
    "node_modules/datatables.net-fixedcolumns/node_modules/datatables.net": {
      "version": "3.0.4",
      "resolved": "https://registry.npmjs.org/datatables.net/-/datatables.net-3.0.4.tgz",
      "integrity": "sha512-jbT0Pc4Xq1i5kTYVhqg0vh11DsqWj3AkgVgdJLUqK7264Xi+QWLI4ekee8X50sRPKzJQxaXDHrxh5hnGO49BqQ==",
      "license": "MIT"
    },
    "node_modules/datatables.net-fixedheader": {
      "version": "5.0.0",
      "resolved": "https://registry.npmjs.org/datatables.net-fixedheader/-/datatables.net-fixedheader-5.0.0.tgz",
      "integrity": "sha512-IVV5ts6Zqi4uEBqAaE9ZVmdFn2fduNo7FDHZvPxkcfGOKYubLr61lcKLr4U2Hl8mB48pFT4a2pTp6JDQbuVdGA==",
      "license": "MIT",
      "dependencies": {
        "datatables.net": "^3"
      }
    },
    "node_modules/datatables.net-fixedheader-dt": {
      "version": "5.0.0",
      "resolved": "https://registry.npmjs.org/datatables.net-fixedheader-dt/-/datatables.net-fixedheader-dt-5.0.0.tgz",
      "integrity": "sha512-Qn1rU6po3/nI2W3rrN4I6iii3LPp1X4cGbNu9i1jxeAdyOb3N2DIqfpoKCWeLHuL5MJdN4jDziozYhiMNBEfYQ==",
      "license": "MIT",
      "dependencies": {
        "datatables.net-dt": "^3",
        "datatables.net-fixedheader": "5.0.0"
      }
    },
    "node_modules/datatables.net-fixedheader/node_modules/datatables.net": {
      "version": "3.0.4",
      "resolved": "https://registry.npmjs.org/datatables.net/-/datatables.net-3.0.4.tgz",
      "integrity": "sha512-jbT0Pc4Xq1i5kTYVhqg0vh11DsqWj3AkgVgdJLUqK7264Xi+QWLI4ekee8X50sRPKzJQxaXDHrxh5hnGO49BqQ==",
      "license": "MIT"
    },
    "node_modules/datatables.net-keytable": {
      "version": "3.0.0",
      "resolved": "https://registry.npmjs.org/datatables.net-keytable/-/datatables.net-keytable-3.0.0.tgz",
      "integrity": "sha512-jCUi6SNmfYed3LtLZbJtGpQgmwytOAP059sa6sEJYWwDWJjHrxL8EM2QklotPcdJ5poRuWBWfZ1Fsobo7+0kNQ==",
      "license": "MIT",
      "dependencies": {
        "datatables.net": "^3"
      }
    },
    "node_modules/datatables.net-keytable-dt": {
      "version": "3.0.0",
      "resolved": "https://registry.npmjs.org/datatables.net-keytable-dt/-/datatables.net-keytable-dt-3.0.0.tgz",
      "integrity": "sha512-tDtcBmggPUObomlGHIISjSaO7f89SSBtpimxhOyUj0smTU4vgI+GlxzD22u9bGb1LqC99wNpngkiaYVWp0f6mg==",
      "license": "MIT",
      "dependencies": {
        "datatables.net-dt": "^3",
        "datatables.net-keytable": "3.0.0"
      }
    },
    "node_modules/datatables.net-keytable/node_modules/datatables.net": {
      "version": "3.0.4",
      "resolved": "https://registry.npmjs.org/datatables.net/-/datatables.net-3.0.4.tgz",
      "integrity": "sha512-jbT0Pc4Xq1i5kTYVhqg0vh11DsqWj3AkgVgdJLUqK7264Xi+QWLI4ekee8X50sRPKzJQxaXDHrxh5hnGO49BqQ==",
      "license": "MIT"
    },
    "node_modules/datatables.net-plugins": {
      "version": "3.0.2",
      "resolved": "https://registry.npmjs.org/datatables.net-plugins/-/datatables.net-plugins-3.0.2.tgz",
      "integrity": "sha512-dAwLqGRJ5+CapiaLVL0NPD6adZ3cR+3uRGeDOqGQn7TEy7uKRd3zDnNiWrohuDaSkC06yfz/a7eKmNd8i9BBmA==",
      "license": "MIT",
      "dependencies": {
        "datatables.net": "^3"
      }
    },
    "node_modules/datatables.net-plugins/node_modules/datatables.net": {
      "version": "3.0.4",
      "resolved": "https://registry.npmjs.org/datatables.net/-/datatables.net-3.0.4.tgz",
      "integrity": "sha512-jbT0Pc4Xq1i5kTYVhqg0vh11DsqWj3AkgVgdJLUqK7264Xi+QWLI4ekee8X50sRPKzJQxaXDHrxh5hnGO49BqQ==",
      "license": "MIT"
    },
    "node_modules/datatables.net-rowgroup": {
      "version": "2.0.0",
      "resolved": "https://registry.npmjs.org/datatables.net-rowgroup/-/datatables.net-rowgroup-2.0.0.tgz",
      "integrity": "sha512-AwBjd7wzqjBBXVM0hE4N9JOU9x6Tq8Lq3mSsuTlb5om1xoJP3v5gM1jKgX51NHkY7NFDDo29hpC15Kjc+Om/IA==",
      "license": "MIT",
      "dependencies": {
        "datatables.net": "^3"
      }
    },
    "node_modules/datatables.net-rowgroup-dt": {
      "version": "2.0.0",
      "resolved": "https://registry.npmjs.org/datatables.net-rowgroup-dt/-/datatables.net-rowgroup-dt-2.0.0.tgz",
      "integrity": "sha512-g4dSk4q0xmAwEfpW5KjqyBGkaixirUQzz8/ZEj1Ld+pFxkKMfhuWQV/0oaU9ENRalkfMgp1X5Z+zbbwckSgs0g==",
      "license": "MIT",
      "dependencies": {
        "datatables.net-dt": "^3",
        "datatables.net-rowgroup": "2.0.0"
      }
    },
    "node_modules/datatables.net-rowgroup/node_modules/datatables.net": {
      "version": "3.0.4",
      "resolved": "https://registry.npmjs.org/datatables.net/-/datatables.net-3.0.4.tgz",
      "integrity": "sha512-jbT0Pc4Xq1i5kTYVhqg0vh11DsqWj3AkgVgdJLUqK7264Xi+QWLI4ekee8X50sRPKzJQxaXDHrxh5hnGO49BqQ==",
      "license": "MIT"
    },
    "node_modules/datatables.net-scroller": {
      "version": "3.0.0",
      "resolved": "https://registry.npmjs.org/datatables.net-scroller/-/datatables.net-scroller-3.0.0.tgz",
      "integrity": "sha512-nGcwNfEW+vmp0MJSnZikPlUvu7p6LEHLbOdAZ7C71Ec91/7cWJCskk+FKsdLAstpAG+vL/a5yOmbV6l8jYjv8w==",
      "license": "MIT",
      "dependencies": {
        "datatables.net": "^3"
      }
    },
    "node_modules/datatables.net-scroller-dt": {
      "version": "3.0.0",
      "resolved": "https://registry.npmjs.org/datatables.net-scroller-dt/-/datatables.net-scroller-dt-3.0.0.tgz",
      "integrity": "sha512-wB7G048nzrrzBHRZ3P45J06IMeHAzuh09laTNdGpXPcqlO8vtoLG4+OsQGhFkIhdxJ7qLvyVMa1e+18jRwzVSw==",
      "license": "MIT",
      "dependencies": {
        "datatables.net-dt": "^3",
        "datatables.net-scroller": "3.0.0"
      }
    },
    "node_modules/datatables.net-scroller/node_modules/datatables.net": {
      "version": "3.0.4",
      "resolved": "https://registry.npmjs.org/datatables.net/-/datatables.net-3.0.4.tgz",
      "integrity": "sha512-jbT0Pc4Xq1i5kTYVhqg0vh11DsqWj3AkgVgdJLUqK7264Xi+QWLI4ekee8X50sRPKzJQxaXDHrxh5hnGO49BqQ==",
      "license": "MIT"
    },
    "node_modules/datatables.net-searchbuilder": {
      "version": "2.0.1",
      "resolved": "https://registry.npmjs.org/datatables.net-searchbuilder/-/datatables.net-searchbuilder-2.0.1.tgz",
      "integrity": "sha512-7nVjezOYBsCc/FakgzfIC6jZ1+iKoRMgxt/8GBq7VajI7iLat882yZWqjHgw22hCCUhvQtW2fcjHYmcTrAAdZg==",
      "license": "MIT",
      "dependencies": {
        "datatables.net": "^3"
      }
    },
    "node_modules/datatables.net-searchbuilder-dt": {
      "version": "2.0.1",
      "resolved": "https://registry.npmjs.org/datatables.net-searchbuilder-dt/-/datatables.net-searchbuilder-dt-2.0.1.tgz",
      "integrity": "sha512-0RZgPFhYcL++icVllcKeU+qEgyTXt4w9320irfLSi0xXgf0qz1MZmZ54HD4wbhCfuUMy++LIZ9U3oDM2y+UE9g==",
      "license": "MIT",
      "dependencies": {
        "datatables.net-dt": "^3",
        "datatables.net-searchbuilder": "2.0.1"
      }
    },
    "node_modules/datatables.net-searchbuilder/node_modules/datatables.net": {
      "version": "3.0.4",
      "resolved": "https://registry.npmjs.org/datatables.net/-/datatables.net-3.0.4.tgz",
      "integrity": "sha512-jbT0Pc4Xq1i5kTYVhqg0vh11DsqWj3AkgVgdJLUqK7264Xi+QWLI4ekee8X50sRPKzJQxaXDHrxh5hnGO49BqQ==",
      "license": "MIT"
    },
    "node_modules/datatables.net-searchpanes": {
      "version": "2.3.5",
      "resolved": "https://registry.npmjs.org/datatables.net-searchpanes/-/datatables.net-searchpanes-2.3.5.tgz",
      "integrity": "sha512-e8c1IJULwqbPANfgFe3Nwlb+QGfeXPtIT348si95iQER94CcEbt0Eps9iA7Ql0IYm4sDlaHGt1Bdm6GjiqmzIA==",
      "license": "MIT",
      "dependencies": {
        "datatables.net": "^2",
        "jquery": ">=1.7"
      }
    },
    "node_modules/datatables.net-searchpanes-dt": {
      "version": "2.3.5",
      "resolved": "https://registry.npmjs.org/datatables.net-searchpanes-dt/-/datatables.net-searchpanes-dt-2.3.5.tgz",
      "integrity": "sha512-8mEP0mXdqCltPSSKH9DEl1CCdCutsj/xICpH4e5rMvuQRK9VxoQpS32zjXuLVj5fvB7qm8knMOEX2NWqDN+PAA==",
      "license": "MIT",
      "dependencies": {
        "datatables.net-dt": "^2",
        "datatables.net-searchpanes": "2.3.5",
        "jquery": ">=1.7"
      }
    },
    "node_modules/datatables.net-searchpanes-dt/node_modules/datatables.net-dt": {
      "version": "2.3.8",
      "resolved": "https://registry.npmjs.org/datatables.net-dt/-/datatables.net-dt-2.3.8.tgz",
      "integrity": "sha512-GD4on0YvNlUS/l+mrXeA1OC2JDzF2/GGbehVv4AacwtiFaoTwqxZseiR0cED6w59u/lgpVrZRC2RwuubUX996Q==",
      "license": "MIT",
      "dependencies": {
        "datatables.net": "2.3.8",
        "jquery": ">=1.7"
      }
    },
    "node_modules/datatables.net-select": {
      "version": "4.0.1",
      "resolved": "https://registry.npmjs.org/datatables.net-select/-/datatables.net-select-4.0.1.tgz",
      "integrity": "sha512-bBlRQrg1Wo5avDRYO2PcC3xzubiedihUlpM4eMREbnB4GO3gqxbBvccQGACEDTd2q54kdbJmFaxgoQ1PQPKGVQ==",
      "license": "MIT",
      "dependencies": {
        "datatables.net": "^3"
      }
    },
    "node_modules/datatables.net-select-dt": {
      "version": "4.0.1",
      "resolved": "https://registry.npmjs.org/datatables.net-select-dt/-/datatables.net-select-dt-4.0.1.tgz",
      "integrity": "sha512-iNZgZ+i46t8tX4CWGcZ/QgKZyVt1/EbZEtINm9tJW+FkkQcD8Cc0/gypEev3OIOS7QEptKe3V7WmkYrq+DsG+Q==",
      "license": "MIT",
      "dependencies": {
        "datatables.net-dt": "^3",
        "datatables.net-select": "4.0.1"
      }
    },
    "node_modules/datatables.net-select/node_modules/datatables.net": {
      "version": "3.0.4",
      "resolved": "https://registry.npmjs.org/datatables.net/-/datatables.net-3.0.4.tgz",
      "integrity": "sha512-jbT0Pc4Xq1i5kTYVhqg0vh11DsqWj3AkgVgdJLUqK7264Xi+QWLI4ekee8X50sRPKzJQxaXDHrxh5hnGO49BqQ==",
      "license": "MIT"
    },
    "node_modules/esbuild": {
      "version": "0.28.2",
      "resolved": "https://registry.npmjs.org/esbuild/-/esbuild-0.28.2.tgz",
      "integrity": "sha512-HKVLS8dvII+xoKW9kmqxbRKrnWEXfJJr/FZhhJmiqIB0e053QNYFqOBouTMO/k5sID4MvCiUCvv8b9M4h32wIA==",
      "dev": true,
      "hasInstallScript": true,
      "license": "MIT",
      "bin": {
        "esbuild": "bin/esbuild"
      },
      "engines": {
        "node": ">=18"
      },
      "optionalDependencies": {
        "@esbuild/aix-ppc64": "0.28.2",
        "@esbuild/android-arm": "0.28.2",
        "@esbuild/android-arm64": "0.28.2",
        "@esbuild/android-x64": "0.28.2",
        "@esbuild/darwin-arm64": "0.28.2",
        "@esbuild/darwin-x64": "0.28.2",
        "@esbuild/freebsd-arm64": "0.28.2",
        "@esbuild/freebsd-x64": "0.28.2",
        "@esbuild/linux-arm": "0.28.2",
        "@esbuild/linux-arm64": "0.28.2",
        "@esbuild/linux-ia32": "0.28.2",
        "@esbuild/linux-loong64": "0.28.2",
        "@esbuild/linux-mips64el": "0.28.2",
        "@esbuild/linux-ppc64": "0.28.2",
        "@esbuild/linux-riscv64": "0.28.2",
        "@esbuild/linux-s390x": "0.28.2",
        "@esbuild/linux-x64": "0.28.2",
        "@esbuild/netbsd-arm64": "0.28.2",
        "@esbuild/netbsd-x64": "0.28.2",
        "@esbuild/openbsd-arm64": "0.28.2",
        "@esbuild/openbsd-x64": "0.28.2",
        "@esbuild/openharmony-arm64": "0.28.2",
        "@esbuild/sunos-x64": "0.28.2",
        "@esbuild/win32-arm64": "0.28.2",
        "@esbuild/win32-ia32": "0.28.2",
        "@esbuild/win32-x64": "0.28.2"
      }
    },
    "node_modules/immediate": {
      "version": "3.0.6",
      "resolved": "https://registry.npmjs.org/immediate/-/immediate-3.0.6.tgz",
      "integrity": "sha512-XXOFtyqDjNDAQxVfYxuF7g9Il/IbWmmlQg2MYKOH8ExIT1qg6xc4zyS3HaEEATgs1btfzxq15ciUiY7gjSXRGQ==",
      "license": "MIT"
    },
    "node_modules/inherits": {
      "version": "2.0.4",
      "resolved": "https://registry.npmjs.org/inherits/-/inherits-2.0.4.tgz",
      "integrity": "sha512-k/vGaX4/Yla3WzyMCvTQOXYeIHvqOKtnqBduzTHpzpQZzAskKMhZ2K+EnBiSM9zGSoIFeMpXKxa4dYeZIQqewQ==",
      "license": "ISC"
    },
    "node_modules/isarray": {
      "version": "1.0.0",
      "resolved": "https://registry.npmjs.org/isarray/-/isarray-1.0.0.tgz",
      "integrity": "sha512-VLghIWNM6ELQzo7zwmcg0NmTVyWKYjvIeM83yjp0wRDTmUnrM678fQbcKBo6n2CJEF0szoG//ytg+TKla89ALQ==",
      "license": "MIT"
    },
    "node_modules/jquery": {
      "version": "4.0.0",
      "resolved": "https://registry.npmjs.org/jquery/-/jquery-4.0.0.tgz",
      "integrity": "sha512-TXCHVR3Lb6TZdtw1l3RTLf8RBWVGexdxL6AC8/e0xZKEpBflBsjh9/8LXw+dkNFuOyW9B7iB3O1sP7hS0Kiacg==",
      "license": "MIT"
    },
    "node_modules/jszip": {
      "version": "3.10.2",
      "resolved": "https://registry.npmjs.org/jszip/-/jszip-3.10.2.tgz",
      "integrity": "sha512-3l+rb15IOWtUhU0H5MFqES/T6Kh7abYwjosBey/vD6hDt8zoEffkSC5Ws5SGtgVw3gBx2NEbhTeSW1+kWkpyTQ==",
      "license": "(MIT OR GPL-3.0-or-later)",
      "dependencies": {
        "lie": "~3.3.0",
        "pako": "~1.0.2",
        "readable-stream": "~2.3.6",
        "setimmediate": "^1.0.5"
      }
    },
    "node_modules/lie": {
      "version": "3.3.0",
      "resolved": "https://registry.npmjs.org/lie/-/lie-3.3.0.tgz",
      "integrity": "sha512-UaiMJzeWRlEujzAuw5LokY1L5ecNQYZKfmyZ9L7wDHb/p5etKaxXhohBcrw0EYby+G/NA52vRSN4N39dxHAIwQ==",
      "license": "MIT",
      "dependencies": {
        "immediate": "~3.0.5"
      }
    },
    "node_modules/pako": {
      "version": "1.0.11",
      "resolved": "https://registry.npmjs.org/pako/-/pako-1.0.11.tgz",
      "integrity": "sha512-4hLB8Py4zZce5s4yd9XzopqwVv/yGNhV1Bl8NTmCq1763HeK2+EwVTv+leGeL13Dnh2wfbqowVPXCIO0z4taYw==",
      "license": "(MIT AND Zlib)"
    },
    "node_modules/process-nextick-args": {
      "version": "2.0.1",
      "resolved": "https://registry.npmjs.org/process-nextick-args/-/process-nextick-args-2.0.1.tgz",
      "integrity": "sha512-3ouUOpQhtgrbOa17J7+uxOTpITYWaGP7/AhoR3+A+/1e9skrzelGi/dXzEYyvbxubEF6Wn2ypscTKiKJFFn1ag==",
      "license": "MIT"
    },
    "node_modules/readable-stream": {
      "version": "2.3.8",
      "resolved": "https://registry.npmjs.org/readable-stream/-/readable-stream-2.3.8.tgz",
      "integrity": "sha512-8p0AUk4XODgIewSi0l8Epjs+EVnWiK7NoDIEGU0HhE7+ZyY8D1IMY7odu5lRrFXGg71L15KG8QrPmum45RTtdA==",
      "license": "MIT",
      "dependencies": {
        "core-util-is": "~1.0.0",
        "inherits": "~2.0.3",
        "isarray": "~1.0.0",
        "process-nextick-args": "~2.0.0",
        "safe-buffer": "~5.1.1",
        "string_decoder": "~1.1.1",
        "util-deprecate": "~1.0.1"
      }
    },
    "node_modules/safe-buffer": {
      "version": "5.1.2",
      "resolved": "https://registry.npmjs.org/safe-buffer/-/safe-buffer-5.1.2.tgz",
      "integrity": "sha512-Gd2UZBJDkXlY7GbJxfsE8/nvKkUEU1G38c1siN6QP6a9PT9MmHB8GnpscSmMJSoF8LOIrt8ud/wPtojys4G6+g==",
      "license": "MIT"
    },
    "node_modules/setimmediate": {
      "version": "1.0.5",
      "resolved": "https://registry.npmjs.org/setimmediate/-/setimmediate-1.0.5.tgz",
      "integrity": "sha512-MATJdZp8sLqDl/68LfQmbP8zKPLQNV6BIZoIgrscFDQ+RsvK/BxeDQOgyxKKoh0y/8h3BqVFnCqQ/gd+reiIXA==",
      "license": "MIT"
    },
    "node_modules/string_decoder": {
      "version": "1.1.1",
      "resolved": "https://registry.npmjs.org/string_decoder/-/string_decoder-1.1.1.tgz",
      "integrity": "sha512-n/ShnvDi6FHbbVfviro+WojiFzv+s8MPMHBczVePfUpDJLwoLT0ht1l4YwBCbi8pJAveEEdnkHyPyTP/mzRfwg==",
      "license": "MIT",
      "dependencies": {
        "safe-buffer": "~5.1.0"
      }
    },
    "node_modules/util-deprecate": {
      "version": "1.0.2",
      "resolved": "https://registry.npmjs.org/util-deprecate/-/util-deprecate-1.0.2.tgz",
      "integrity": "sha512-EPD5q1uXyFxJpCrLnCc1nHnq3gOa6DZBocAIiI2TaSCA7VCJ1UJDMagCzIkXNsUYfD1daK//LTEQ8xiIbrHtcw==",
      "license": "MIT"
    }
  }
}
