{
  "name": "dt_for_itables",
  "version": "2.5.8",
  "lockfileVersion": 3,
  "requires": true,
  "packages": {
    "": {
      "name": "dt_for_itables",
      "version": "2.5.8",
      "license": "MIT",
      "dependencies": {
        "datatables.net-buttons": "^4.0.1",
        "datatables.net-buttons-dt": "^4.0.1",
        "datatables.net-colreorder-dt": "^3.0.0",
        "datatables.net-columncontrol": "^2.0.0",
        "datatables.net-columncontrol-dt": "^2.0.0",
        "datatables.net-datetime": "^2.0.0",
        "datatables.net-dt": "^3.0.1",
        "datatables.net-fixedcolumns-dt": "^6.0.0",
        "datatables.net-fixedheader-dt": "^5.0.0",
        "datatables.net-keytable-dt": "^3.0.0",
        "datatables.net-plugins": "^3.0.1",
        "datatables.net-rowgroup-dt": "^2.0.0",
        "datatables.net-scroller-dt": "^3.0.0",
        "datatables.net-searchbuilder-dt": "^2.0.0",
        "datatables.net-searchpanes-dt": "^2.3.5",
        "datatables.net-select-dt": "^4.0.0",
        "jquery": "^4.0.0",
        "jszip": "^3.10.1"
      },
      "devDependencies": {
        "esbuild": "^0.28.0"
      }
    },
    "node_modules/@esbuild/aix-ppc64": {
      "version": "0.28.1",
      "resolved": "https://registry.npmjs.org/@esbuild/aix-ppc64/-/aix-ppc64-0.28.1.tgz",
      "integrity": "sha512-Svl7tq8k/08+p6CXPpRjQ1fKX+1odH/BQbb48fV6fj3CWHhsoIOoY87w1oHXm0qEpkIK3ZfVgp0hed3XBXzXMQ==",
      "cpu": [
        "ppc64"
      ],
      "dev": true,
      "license": "MIT",
      "optional": true,
      "os": [
        "aix"
      ],
      "engines": {
        "node": ">=18"
      }
    },
    "node_modules/@esbuild/android-arm": {
      "version": "0.28.1",
      "resolved": "https://registry.npmjs.org/@esbuild/android-arm/-/android-arm-0.28.1.tgz",
      "integrity": "sha512-0k2F129Xdio1TdJfzJ8sy1Q47vUD2NnwdhiAf7drUN1EBTfPf4hsFCtmMgu/6m8JSzsBrlmVjudMBQqOfG8usQ==",
      "cpu": [
        "arm"
      ],
      "dev": true,
      "license": "MIT",
      "optional": true,
      "os": [
        "android"
      ],
      "engines": {
        "node": ">=18"
      }
    },
    "node_modules/@esbuild/android-arm64": {
      "version": "0.28.1",
      "resolved": "https://registry.npmjs.org/@esbuild/android-arm64/-/android-arm64-0.28.1.tgz",
      "integrity": "sha512-34EGEbCIAgosYz6goLcopX6Mo7NyGv9tfwEM2/7Ce2VcVRk568iSvniGWcUXIy7wEDR1wzolcxcriFVrWYcwBg==",
      "cpu": [
        "arm64"
      ],
      "dev": true,
      "license": "MIT",
      "optional": true,
      "os": [
        "android"
      ],
      "engines": {
        "node": ">=18"
      }
    },
    "node_modules/@esbuild/android-x64": {
      "version": "0.28.1",
      "resolved": "https://registry.npmjs.org/@esbuild/android-x64/-/android-x64-0.28.1.tgz",
      "integrity": "sha512-dbwY7ltSMDWsRatcRpCnES4F+im88OCUgGZjy52shC7GqHRE/cYlxNbB4Z4UpJswpcc4Qxd2oE/ufM0p61IKng==",
      "cpu": [
        "x64"
      ],
      "dev": true,
      "license": "MIT",
      "optional": true,
      "os": [
        "android"
      ],
      "engines": {
        "node": ">=18"
      }
    },
    "node_modules/@esbuild/darwin-arm64": {
      "version": "0.28.1",
      "resolved": "https://registry.npmjs.org/@esbuild/darwin-arm64/-/darwin-arm64-0.28.1.tgz",
      "integrity": "sha512-TZbWkQY7kvTAXbXUT7uVACR5cMHsDiSz9z7ZKAX/RTq/WJEk3QyRr0wZpNhBDX+/0CtdqUIJlOiodQcta6tY3Q==",
      "cpu": [
        "arm64"
      ],
      "dev": true,
      "license": "MIT",
      "optional": true,
      "os": [
        "darwin"
      ],
      "engines": {
        "node": ">=18"
      }
    },
    "node_modules/@esbuild/darwin-x64": {
      "version": "0.28.1",
      "resolved": "https://registry.npmjs.org/@esbuild/darwin-x64/-/darwin-x64-0.28.1.tgz",
      "integrity": "sha512-zfdzgK9ACBNZLI/CyHTOx81SyNbM6YXn7rxSgX97VjyiPl9W1i4Ka4fgKECEoFCKGpvBj5qArWIGgQjOwkgskQ==",
      "cpu": [
        "x64"
      ],
      "dev": true,
      "license": "MIT",
      "optional": true,
      "os": [
        "darwin"
      ],
      "engines": {
        "node": ">=18"
      }
    },
    "node_modules/@esbuild/freebsd-arm64": {
      "version": "0.28.1",
      "resolved": "https://registry.npmjs.org/@esbuild/freebsd-arm64/-/freebsd-arm64-0.28.1.tgz",
      "integrity": "sha512-wG2EA8ENdEI0qhkSZMjfqrdY+ziCYCPMmtZjjIwOmXFjmyzEHn+UUxk5of+SYsjtfs3VpnlC7QLzSI5hY/rOAw==",
      "cpu": [
        "arm64"
      ],
      "dev": true,
      "license": "MIT",
      "optional": true,
      "os": [
        "freebsd"
      ],
      "engines": {
        "node": ">=18"
      }
    },
    "node_modules/@esbuild/freebsd-x64": {
      "version": "0.28.1",
      "resolved": "https://registry.npmjs.org/@esbuild/freebsd-x64/-/freebsd-x64-0.28.1.tgz",
      "integrity": "sha512-i7dZ9vQgnvSCzi/rYCXNgtF/U+eKZNJBzu3eTQbRgHnM7tNSizLOkRFAl3qzVc/Op/u5YkHHa4pf/3DOYHthLQ==",
      "cpu": [
        "x64"
      ],
      "dev": true,
      "license": "MIT",
      "optional": true,
      "os": [
        "freebsd"
      ],
      "engines": {
        "node": ">=18"
      }
    },
    "node_modules/@esbuild/linux-arm": {
      "version": "0.28.1",
      "resolved": "https://registry.npmjs.org/@esbuild/linux-arm/-/linux-arm-0.28.1.tgz",
      "integrity": "sha512-qVXBOHQS+d5Y722GwJzJUtOLlX7km3CraOaGormF1pDtPd2C/l1SHRPgjLunLGe51Sh5YYWKMFDyV4SxgMQYTQ==",
      "cpu": [
        "arm"
      ],
      "dev": true,
      "license": "MIT",
      "optional": true,
      "os": [
        "linux"
      ],
      "engines": {
        "node": ">=18"
      }
    },
    "node_modules/@esbuild/linux-arm64": {
      "version": "0.28.1",
      "resolved": "https://registry.npmjs.org/@esbuild/linux-arm64/-/linux-arm64-0.28.1.tgz",
      "integrity": "sha512-yHs+0uc8+nvEAfAfxrWQKK5peSNzBc4PegcMO0EJ2hT71uA7vB8Ihg2e77R2P7SG5uYjPbHlLLmve4LLLRCf0g==",
      "cpu": [
        "arm64"
      ],
      "dev": true,
      "license": "MIT",
      "optional": true,
      "os": [
        "linux"
      ],
      "engines": {
        "node": ">=18"
      }
    },
    "node_modules/@esbuild/linux-ia32": {
      "version": "0.28.1",
      "resolved": "https://registry.npmjs.org/@esbuild/linux-ia32/-/linux-ia32-0.28.1.tgz",
      "integrity": "sha512-d1z4ZuP0ajrfz/FhGT4vv278rX8KnPPJx8i5+AtK7TYbx9Le9F1hyzurZpkEyjkGa9dUGhQow4C1NmeGvqxN2w==",
      "cpu": [
        "ia32"
      ],
      "dev": true,
      "license": "MIT",
      "optional": true,
      "os": [
        "linux"
      ],
      "engines": {
        "node": ">=18"
      }
    },
    "node_modules/@esbuild/linux-loong64": {
      "version": "0.28.1",
      "resolved": "https://registry.npmjs.org/@esbuild/linux-loong64/-/linux-loong64-0.28.1.tgz",
      "integrity": "sha512-M5sRjUVZrkm1OAPR3dlOYzNmN+loZKGVi1VUQGrwuqLcbR6qeAz+famMhjASeH3YVKvZz+zT1jlh/keC3Rj/lg==",
      "cpu": [
        "loong64"
      ],
      "dev": true,
      "license": "MIT",
      "optional": true,
      "os": [
        "linux"
      ],
      "engines": {
        "node": ">=18"
      }
    },
    "node_modules/@esbuild/linux-mips64el": {
      "version": "0.28.1",
      "resolved": "https://registry.npmjs.org/@esbuild/linux-mips64el/-/linux-mips64el-0.28.1.tgz",
      "integrity": "sha512-mRObBZeHh2OxcBFPWE/FjylkRgZdYuiTR3vaTozquCGOH14iP9oN4x4Ge81CoIDYQrXmIxpFumJBu5MtZpnQJQ==",
      "cpu": [
        "mips64el"
      ],
      "dev": true,
      "license": "MIT",
      "optional": true,
      "os": [
        "linux"
      ],
      "engines": {
        "node": ">=18"
      }
    },
    "node_modules/@esbuild/linux-ppc64": {
      "version": "0.28.1",
      "resolved": "https://registry.npmjs.org/@esbuild/linux-ppc64/-/linux-ppc64-0.28.1.tgz",
      "integrity": "sha512-slScBsMAb3GFDcdrCgLwZtPYRoH2H/youv10QiZyRjmsP48fznoveWytSgCI/R0ZcUgpc0ZhIUEx6LHts8yrfQ==",
      "cpu": [
        "ppc64"
      ],
      "dev": true,
      "license": "MIT",
      "optional": true,
      "os": [
        "linux"
      ],
      "engines": {
        "node": ">=18"
      }
    },
    "node_modules/@esbuild/linux-riscv64": {
      "version": "0.28.1",
      "resolved": "https://registry.npmjs.org/@esbuild/linux-riscv64/-/linux-riscv64-0.28.1.tgz",
      "integrity": "sha512-kw0owk1o0GFETUJyW0jc0G4Yzs0BHZn0JDZ8JRT088vjJYX777BAs1fDGxAC+q831qOs2DTC96mNsG2opdfyyQ==",
      "cpu": [
        "riscv64"
      ],
      "dev": true,
      "license": "MIT",
      "optional": true,
      "os": [
        "linux"
      ],
      "engines": {
        "node": ">=18"
      }
    },
    "node_modules/@esbuild/linux-s390x": {
      "version": "0.28.1",
      "resolved": "https://registry.npmjs.org/@esbuild/linux-s390x/-/linux-s390x-0.28.1.tgz",
      "integrity": "sha512-/lAIjX8aYFRByhh6L5rYtPEDRqa9de/4V/juOXcta5frjvzXO4/sqEtyytse0g3zZFuWu5cDN0MkLz2qRDD2Ag==",
      "cpu": [
        "s390x"
      ],
      "dev": true,
      "license": "MIT",
      "optional": true,
      "os": [
        "linux"
      ],
      "engines": {
        "node": ">=18"
      }
    },
    "node_modules/@esbuild/linux-x64": {
      "version": "0.28.1",
      "resolved": "https://registry.npmjs.org/@esbuild/linux-x64/-/linux-x64-0.28.1.tgz",
      "integrity": "sha512-u/anNYF2mmVOEDwLtnQ1wOr3EZ9sTNGLWrsYGYwHWzGA3Si84IOkHXlbWTD1NB+9/1lcnweYKO54uhxZydNzfA==",
      "cpu": [
        "x64"
      ],
      "dev": true,
      "license": "MIT",
      "optional": true,
      "os": [
        "linux"
      ],
      "engines": {
        "node": ">=18"
      }
    },
    "node_modules/@esbuild/netbsd-arm64": {
      "version": "0.28.1",
      "resolved": "https://registry.npmjs.org/@esbuild/netbsd-arm64/-/netbsd-arm64-0.28.1.tgz",
      "integrity": "sha512-oks0DYbLwWMmaakTsCb+zL4E+aHRVLom9IJZOAthMQEPiQmydXHkziYEsGYRx0uNV/IjEKGAV941JzH02pflqw==",
      "cpu": [
        "arm64"
      ],
      "dev": true,
      "license": "MIT",
      "optional": true,
      "os": [
        "netbsd"
      ],
      "engines": {
        "node": ">=18"
      }
    },
    "node_modules/@esbuild/netbsd-x64": {
      "version": "0.28.1",
      "resolved": "https://registry.npmjs.org/@esbuild/netbsd-x64/-/netbsd-x64-0.28.1.tgz",
      "integrity": "sha512-aeL6lAnN89Hz43Mlh1G8ARasbuoYvSITDEx0tHh5b7jJnHcssqgjy9Yx430GDpmCa6OyrKoS0aNRjKundRizGg==",
      "cpu": [
        "x64"
      ],
      "dev": true,
      "license": "MIT",
      "optional": true,
      "os": [
        "netbsd"
      ],
      "engines": {
        "node": ">=18"
      }
    },
    "node_modules/@esbuild/openbsd-arm64": {
      "version": "0.28.1",
      "resolved": "https://registry.npmjs.org/@esbuild/openbsd-arm64/-/openbsd-arm64-0.28.1.tgz",
      "integrity": "sha512-MEFJe5C3R8pwXdZ5Y21oo6m7ePiS0d9pWucn99O/wvyJZChoIQKrQDxKrGeW8F5+T0okTHesAmDeiHDTIq0V/Q==",
      "cpu": [
        "arm64"
      ],
      "dev": true,
      "license": "MIT",
      "optional": true,
      "os": [
        "openbsd"
      ],
      "engines": {
        "node": ">=18"
      }
    },
    "node_modules/@esbuild/openbsd-x64": {
      "version": "0.28.1",
      "resolved": "https://registry.npmjs.org/@esbuild/openbsd-x64/-/openbsd-x64-0.28.1.tgz",
      "integrity": "sha512-i/ZLIOafE0Z8cI/XANJAixoJL/uRAoS2xOA3rb0xN+KK0K177cMAsQYkzHtBrtMXAKuAc7HGgcWiZ/sRC1Nxgw==",
      "cpu": [
        "x64"
      ],
      "dev": true,
      "license": "MIT",
      "optional": true,
      "os": [
        "openbsd"
      ],
      "engines": {
        "node": ">=18"
      }
    },
    "node_modules/@esbuild/openharmony-arm64": {
      "version": "0.28.1",
      "resolved": "https://registry.npmjs.org/@esbuild/openharmony-arm64/-/openharmony-arm64-0.28.1.tgz",
      "integrity": "sha512-ge+Z7EXFNt2BO1oAMsVpiQ8EwndV9i1xXerAeTIK7AtPs3bKFXQM7nlRxDSIUIMeueR1CNXxqztLzdNeReKBJg==",
      "cpu": [
        "arm64"
      ],
      "dev": true,
      "license": "MIT",
      "optional": true,
      "os": [
        "openharmony"
      ],
      "engines": {
        "node": ">=18"
      }
    },
    "node_modules/@esbuild/sunos-x64": {
      "version": "0.28.1",
      "resolved": "https://registry.npmjs.org/@esbuild/sunos-x64/-/sunos-x64-0.28.1.tgz",
      "integrity": "sha512-BEjgtECkL3vY+SaSQ6nzVfiALUeFxpawyp8Jmf5PtYhf1Ug40N1h/hxlhts+f1FvSvarEigdxS3BlSMI2PJLcQ==",
      "cpu": [
        "x64"
      ],
      "dev": true,
      "license": "MIT",
      "optional": true,
      "os": [
        "sunos"
      ],
      "engines": {
        "node": ">=18"
      }
    },
    "node_modules/@esbuild/win32-arm64": {
      "version": "0.28.1",
      "resolved": "https://registry.npmjs.org/@esbuild/win32-arm64/-/win32-arm64-0.28.1.tgz",
      "integrity": "sha512-lCv9eK/H6ZJWbE7bh2nw54CZ9M2nupBxJcTsdk/QQnWkdSjKGuxmmH8/GWrlT1eMmZfn4dGcCjRte397WqfQXA==",
      "cpu": [
        "arm64"
      ],
      "dev": true,
      "license": "MIT",
      "optional": true,
      "os": [
        "win32"
      ],
      "engines": {
        "node": ">=18"
      }
    },
    "node_modules/@esbuild/win32-ia32": {
      "version": "0.28.1",
      "resolved": "https://registry.npmjs.org/@esbuild/win32-ia32/-/win32-ia32-0.28.1.tgz",
      "integrity": "sha512-zvb/mB2bSCoJOpoCBgYKKpX6YM6mJBlBUVUtVj41DlZJVEB6/0CKlRYxP5wWl1C1ILiCoAU5wZZ4q1P3qeS6Eg==",
      "cpu": [
        "ia32"
      ],
      "dev": true,
      "license": "MIT",
      "optional": true,
      "os": [
        "win32"
      ],
      "engines": {
        "node": ">=18"
      }
    },
    "node_modules/@esbuild/win32-x64": {
      "version": "0.28.1",
      "resolved": "https://registry.npmjs.org/@esbuild/win32-x64/-/win32-x64-0.28.1.tgz",
      "integrity": "sha512-bm4Mowrv+GXMlpWX++EcXw/iLyd1o3+bJkC2DkWXYVvgZCqD/bSj9ctZeAMC3cIxgjRVR2Dufaiu4YPxr5gW1A==",
      "cpu": [
        "x64"
      ],
      "dev": true,
      "license": "MIT",
      "optional": true,
      "os": [
        "win32"
      ],
      "engines": {
        "node": ">=18"
      }
    },
    "node_modules/core-util-is": {
      "version": "1.0.3",
      "resolved": "https://registry.npmjs.org/core-util-is/-/core-util-is-1.0.3.tgz",
      "integrity": "sha512-ZQBvi1DcpJ4GDqanjucZ2Hj3wEO5pZDS89BWbkcrvdxksJorwUDDZamX9ldFkp9aw2lmBDLgkObEA4DWNJ9FYQ==",
      "license": "MIT"
    },
    "node_modules/datatables.net": {
      "version": "2.3.8",
      "resolved": "https://registry.npmjs.org/datatables.net/-/datatables.net-2.3.8.tgz",
      "integrity": "sha512-uhViowhlDlheAuo5a8TrkQqADsjrtGeOyvrigvr4t0+K3MyAWqClORXWAYIcN9VLX6iIX0C8O9gwJNd01hITRg==",
      "license": "MIT",
      "dependencies": {
        "jquery": ">=1.7"
      }
    },
    "node_modules/datatables.net-buttons": {
      "version": "4.0.1",
      "resolved": "https://registry.npmjs.org/datatables.net-buttons/-/datatables.net-buttons-4.0.1.tgz",
      "integrity": "sha512-cEiqdM65THR7hpDgz9KZEZdPNorHxieTJPQYTVG5kpivxmK57tdkoYa5cdmvg99bSaLIYUfr9Rp/j7GCMjYQZA==",
      "license": "MIT",
      "dependencies": {
        "datatables.net": "^3"
      }
    },
    "node_modules/datatables.net-buttons-dt": {
      "version": "4.0.1",
      "resolved": "https://registry.npmjs.org/datatables.net-buttons-dt/-/datatables.net-buttons-dt-4.0.1.tgz",
      "integrity": "sha512-PXh8vYDdvHsIdjTLkEzZWK8jmAU1DdxiWSo2GeVLbakSTph0TzmyDaD5MquJWkJdIq9g++2C9V5twC8Rcsucxw==",
      "license": "MIT",
      "dependencies": {
        "datatables.net-buttons": "4.0.1",
        "datatables.net-dt": "^3"
      }
    },
    "node_modules/datatables.net-buttons/node_modules/datatables.net": {
      "version": "3.0.1",
      "resolved": "https://registry.npmjs.org/datatables.net/-/datatables.net-3.0.1.tgz",
      "integrity": "sha512-cV/2DJr42PFMnK9sAoK/QbcuE7g9HYF0x0vOND7WRsG2RWMkiyOY8TOJFbi+uDkBH4I7ggmkBvO+j4gNoh+u3g==",
      "license": "MIT"
    },
    "node_modules/datatables.net-colreorder": {
      "version": "3.0.0",
      "resolved": "https://registry.npmjs.org/datatables.net-colreorder/-/datatables.net-colreorder-3.0.0.tgz",
      "integrity": "sha512-YKqDUyQmlfUh9tRG9r0KfW1q54kWEXM9mqpylQw43lBeDrWZK5LkcJbLNYlevYP63ugAjkrMpVIzkYF9vzYGGA==",
      "license": "MIT",
      "dependencies": {
        "datatables.net": "^3"
      }
    },
    "node_modules/datatables.net-colreorder-dt": {
      "version": "3.0.0",
      "resolved": "https://registry.npmjs.org/datatables.net-colreorder-dt/-/datatables.net-colreorder-dt-3.0.0.tgz",
      "integrity": "sha512-2aWG9pjMh8UGjKXPbwerbe3Ncy/owf+LUKD4S5tzXUf0idILm1rbrJ/cwP4Xe/+ID7lgQJRd1urk/+/V9MPbhQ==",
      "license": "MIT",
      "dependencies": {
        "datatables.net-colreorder": "3.0.0",
        "datatables.net-dt": "^3"
      }
    },
    "node_modules/datatables.net-colreorder/node_modules/datatables.net": {
      "version": "3.0.1",
      "resolved": "https://registry.npmjs.org/datatables.net/-/datatables.net-3.0.1.tgz",
      "integrity": "sha512-cV/2DJr42PFMnK9sAoK/QbcuE7g9HYF0x0vOND7WRsG2RWMkiyOY8TOJFbi+uDkBH4I7ggmkBvO+j4gNoh+u3g==",
      "license": "MIT"
    },
    "node_modules/datatables.net-columncontrol": {
      "version": "2.0.0",
      "resolved": "https://registry.npmjs.org/datatables.net-columncontrol/-/datatables.net-columncontrol-2.0.0.tgz",
      "integrity": "sha512-1TSOTYS2+OF0ICftkxJLMivnuz2VsbBZ6wXn65+kbt4WIovKr18305zSs0i3ctO47ib/Izd+GnKaExhWVLiF1w==",
      "license": "MIT",
      "dependencies": {
        "datatables.net": "^3"
      }
    },
    "node_modules/datatables.net-columncontrol-dt": {
      "version": "2.0.0",
      "resolved": "https://registry.npmjs.org/datatables.net-columncontrol-dt/-/datatables.net-columncontrol-dt-2.0.0.tgz",
      "integrity": "sha512-OWWUKpM2fJ3yZ6JS3vta2mbhPeH/xN+e/YEutt+EI/uyAvq7/Ux5G3PZ4EAXLP1J5HFLVwPvaXhX0h8XpTWfUw==",
      "license": "MIT",
      "dependencies": {
        "datatables.net-columncontrol": "2.0.0",
        "datatables.net-dt": "^3"
      }
    },
    "node_modules/datatables.net-columncontrol/node_modules/datatables.net": {
      "version": "3.0.1",
      "resolved": "https://registry.npmjs.org/datatables.net/-/datatables.net-3.0.1.tgz",
      "integrity": "sha512-cV/2DJr42PFMnK9sAoK/QbcuE7g9HYF0x0vOND7WRsG2RWMkiyOY8TOJFbi+uDkBH4I7ggmkBvO+j4gNoh+u3g==",
      "license": "MIT"
    },
    "node_modules/datatables.net-datetime": {
      "version": "2.0.0",
      "resolved": "https://registry.npmjs.org/datatables.net-datetime/-/datatables.net-datetime-2.0.0.tgz",
      "integrity": "sha512-mPm+ijbMOGWkwOR648GaukCOBei7AdEf1A8Ngq4EHGZlvH0XeWN7GxqzznNWewjH2s/kIs5+ePPPeAoghDAg4w==",
      "license": "MIT",
      "dependencies": {
        "datatables.net": "^3"
      }
    },
    "node_modules/datatables.net-datetime/node_modules/datatables.net": {
      "version": "3.0.1",
      "resolved": "https://registry.npmjs.org/datatables.net/-/datatables.net-3.0.1.tgz",
      "integrity": "sha512-cV/2DJr42PFMnK9sAoK/QbcuE7g9HYF0x0vOND7WRsG2RWMkiyOY8TOJFbi+uDkBH4I7ggmkBvO+j4gNoh+u3g==",
      "license": "MIT"
    },
    "node_modules/datatables.net-dt": {
      "version": "3.0.1",
      "resolved": "https://registry.npmjs.org/datatables.net-dt/-/datatables.net-dt-3.0.1.tgz",
      "integrity": "sha512-LyXZuqXslsVqS42GX6yzfCdjPjyb244iokXFjAzlPxCPyILGNKuEhz6K/a8/GKK8tGt6vOEdL12MD+nRjucoNA==",
      "license": "MIT",
      "dependencies": {
        "datatables.net": "3.0.1"
      }
    },
    "node_modules/datatables.net-dt/node_modules/datatables.net": {
      "version": "3.0.1",
      "resolved": "https://registry.npmjs.org/datatables.net/-/datatables.net-3.0.1.tgz",
      "integrity": "sha512-cV/2DJr42PFMnK9sAoK/QbcuE7g9HYF0x0vOND7WRsG2RWMkiyOY8TOJFbi+uDkBH4I7ggmkBvO+j4gNoh+u3g==",
      "license": "MIT"
    },
    "node_modules/datatables.net-fixedcolumns": {
      "version": "6.0.0",
      "resolved": "https://registry.npmjs.org/datatables.net-fixedcolumns/-/datatables.net-fixedcolumns-6.0.0.tgz",
      "integrity": "sha512-MbmCYZyv0KtDlr+NoCbNpINDlaxVc6y64BFYGUnSVzLfVLFwPo3ZFbLwfFZu1rpCSPi0yS2OiGcwJd2zTPUxEw==",
      "license": "MIT",
      "dependencies": {
        "datatables.net": "^3"
      }
    },
    "node_modules/datatables.net-fixedcolumns-dt": {
      "version": "6.0.0",
      "resolved": "https://registry.npmjs.org/datatables.net-fixedcolumns-dt/-/datatables.net-fixedcolumns-dt-6.0.0.tgz",
      "integrity": "sha512-WyAsYaQrnJc4ausgrwKe8m8DG7QzxJaE4SuVSLf+NXhu/PeUZkuBFcoyvME33rk7GCTBObmQ2f8KjBhINz8Ssg==",
      "license": "MIT",
      "dependencies": {
        "datatables.net-dt": "^3",
        "datatables.net-fixedcolumns": "6.0.0"
      }
    },
    "node_modules/datatables.net-fixedcolumns/node_modules/datatables.net": {
      "version": "3.0.1",
      "resolved": "https://registry.npmjs.org/datatables.net/-/datatables.net-3.0.1.tgz",
      "integrity": "sha512-cV/2DJr42PFMnK9sAoK/QbcuE7g9HYF0x0vOND7WRsG2RWMkiyOY8TOJFbi+uDkBH4I7ggmkBvO+j4gNoh+u3g==",
      "license": "MIT"
    },
    "node_modules/datatables.net-fixedheader": {
      "version": "5.0.0",
      "resolved": "https://registry.npmjs.org/datatables.net-fixedheader/-/datatables.net-fixedheader-5.0.0.tgz",
      "integrity": "sha512-IVV5ts6Zqi4uEBqAaE9ZVmdFn2fduNo7FDHZvPxkcfGOKYubLr61lcKLr4U2Hl8mB48pFT4a2pTp6JDQbuVdGA==",
      "license": "MIT",
      "dependencies": {
        "datatables.net": "^3"
      }
    },
    "node_modules/datatables.net-fixedheader-dt": {
      "version": "5.0.0",
      "resolved": "https://registry.npmjs.org/datatables.net-fixedheader-dt/-/datatables.net-fixedheader-dt-5.0.0.tgz",
      "integrity": "sha512-Qn1rU6po3/nI2W3rrN4I6iii3LPp1X4cGbNu9i1jxeAdyOb3N2DIqfpoKCWeLHuL5MJdN4jDziozYhiMNBEfYQ==",
      "license": "MIT",
      "dependencies": {
        "datatables.net-dt": "^3",
        "datatables.net-fixedheader": "5.0.0"
      }
    },
    "node_modules/datatables.net-fixedheader/node_modules/datatables.net": {
      "version": "3.0.1",
      "resolved": "https://registry.npmjs.org/datatables.net/-/datatables.net-3.0.1.tgz",
      "integrity": "sha512-cV/2DJr42PFMnK9sAoK/QbcuE7g9HYF0x0vOND7WRsG2RWMkiyOY8TOJFbi+uDkBH4I7ggmkBvO+j4gNoh+u3g==",
      "license": "MIT"
    },
    "node_modules/datatables.net-keytable": {
      "version": "3.0.0",
      "resolved": "https://registry.npmjs.org/datatables.net-keytable/-/datatables.net-keytable-3.0.0.tgz",
      "integrity": "sha512-jCUi6SNmfYed3LtLZbJtGpQgmwytOAP059sa6sEJYWwDWJjHrxL8EM2QklotPcdJ5poRuWBWfZ1Fsobo7+0kNQ==",
      "license": "MIT",
      "dependencies": {
        "datatables.net": "^3"
      }
    },
    "node_modules/datatables.net-keytable-dt": {
      "version": "3.0.0",
      "resolved": "https://registry.npmjs.org/datatables.net-keytable-dt/-/datatables.net-keytable-dt-3.0.0.tgz",
      "integrity": "sha512-tDtcBmggPUObomlGHIISjSaO7f89SSBtpimxhOyUj0smTU4vgI+GlxzD22u9bGb1LqC99wNpngkiaYVWp0f6mg==",
      "license": "MIT",
      "dependencies": {
        "datatables.net-dt": "^3",
        "datatables.net-keytable": "3.0.0"
      }
    },
    "node_modules/datatables.net-keytable/node_modules/datatables.net": {
      "version": "3.0.1",
      "resolved": "https://registry.npmjs.org/datatables.net/-/datatables.net-3.0.1.tgz",
      "integrity": "sha512-cV/2DJr42PFMnK9sAoK/QbcuE7g9HYF0x0vOND7WRsG2RWMkiyOY8TOJFbi+uDkBH4I7ggmkBvO+j4gNoh+u3g==",
      "license": "MIT"
    },
    "node_modules/datatables.net-plugins": {
      "version": "3.0.1",
      "resolved": "https://registry.npmjs.org/datatables.net-plugins/-/datatables.net-plugins-3.0.1.tgz",
      "integrity": "sha512-StUeKQvJk7uifm1TupXGwXEURqBFzRLswD6CE/lKc/5L2M99bfY9xyh90W6yPOzboxRbmEs6wUyMBeCcvKJl0w==",
      "license": "MIT",
      "dependencies": {
        "datatables.net": "^3"
      }
    },
    "node_modules/datatables.net-plugins/node_modules/datatables.net": {
      "version": "3.0.1",
      "resolved": "https://registry.npmjs.org/datatables.net/-/datatables.net-3.0.1.tgz",
      "integrity": "sha512-cV/2DJr42PFMnK9sAoK/QbcuE7g9HYF0x0vOND7WRsG2RWMkiyOY8TOJFbi+uDkBH4I7ggmkBvO+j4gNoh+u3g==",
      "license": "MIT"
    },
    "node_modules/datatables.net-rowgroup": {
      "version": "2.0.0",
      "resolved": "https://registry.npmjs.org/datatables.net-rowgroup/-/datatables.net-rowgroup-2.0.0.tgz",
      "integrity": "sha512-AwBjd7wzqjBBXVM0hE4N9JOU9x6Tq8Lq3mSsuTlb5om1xoJP3v5gM1jKgX51NHkY7NFDDo29hpC15Kjc+Om/IA==",
      "license": "MIT",
      "dependencies": {
        "datatables.net": "^3"
      }
    },
    "node_modules/datatables.net-rowgroup-dt": {
      "version": "2.0.0",
      "resolved": "https://registry.npmjs.org/datatables.net-rowgroup-dt/-/datatables.net-rowgroup-dt-2.0.0.tgz",
      "integrity": "sha512-g4dSk4q0xmAwEfpW5KjqyBGkaixirUQzz8/ZEj1Ld+pFxkKMfhuWQV/0oaU9ENRalkfMgp1X5Z+zbbwckSgs0g==",
      "license": "MIT",
      "dependencies": {
        "datatables.net-dt": "^3",
        "datatables.net-rowgroup": "2.0.0"
      }
    },
    "node_modules/datatables.net-rowgroup/node_modules/datatables.net": {
      "version": "3.0.1",
      "resolved": "https://registry.npmjs.org/datatables.net/-/datatables.net-3.0.1.tgz",
      "integrity": "sha512-cV/2DJr42PFMnK9sAoK/QbcuE7g9HYF0x0vOND7WRsG2RWMkiyOY8TOJFbi+uDkBH4I7ggmkBvO+j4gNoh+u3g==",
      "license": "MIT"
    },
    "node_modules/datatables.net-scroller": {
      "version": "3.0.0",
      "resolved": "https://registry.npmjs.org/datatables.net-scroller/-/datatables.net-scroller-3.0.0.tgz",
      "integrity": "sha512-nGcwNfEW+vmp0MJSnZikPlUvu7p6LEHLbOdAZ7C71Ec91/7cWJCskk+FKsdLAstpAG+vL/a5yOmbV6l8jYjv8w==",
      "license": "MIT",
      "dependencies": {
        "datatables.net": "^3"
      }
    },
    "node_modules/datatables.net-scroller-dt": {
      "version": "3.0.0",
      "resolved": "https://registry.npmjs.org/datatables.net-scroller-dt/-/datatables.net-scroller-dt-3.0.0.tgz",
      "integrity": "sha512-wB7G048nzrrzBHRZ3P45J06IMeHAzuh09laTNdGpXPcqlO8vtoLG4+OsQGhFkIhdxJ7qLvyVMa1e+18jRwzVSw==",
      "license": "MIT",
      "dependencies": {
        "datatables.net-dt": "^3",
        "datatables.net-scroller": "3.0.0"
      }
    },
    "node_modules/datatables.net-scroller/node_modules/datatables.net": {
      "version": "3.0.1",
      "resolved": "https://registry.npmjs.org/datatables.net/-/datatables.net-3.0.1.tgz",
      "integrity": "sha512-cV/2DJr42PFMnK9sAoK/QbcuE7g9HYF0x0vOND7WRsG2RWMkiyOY8TOJFbi+uDkBH4I7ggmkBvO+j4gNoh+u3g==",
      "license": "MIT"
    },
    "node_modules/datatables.net-searchbuilder": {
      "version": "2.0.0",
      "resolved": "https://registry.npmjs.org/datatables.net-searchbuilder/-/datatables.net-searchbuilder-2.0.0.tgz",
      "integrity": "sha512-qgfmTeNkqV32lsqOr6qpOqNUJarSeN9YpK0L7/7W55EVZVx612LhjcAZG7CGdrNb1A6O1/yWTluqGfTWZkWcIw==",
      "license": "MIT",
      "dependencies": {
        "datatables.net": "^3"
      }
    },
    "node_modules/datatables.net-searchbuilder-dt": {
      "version": "2.0.0",
      "resolved": "https://registry.npmjs.org/datatables.net-searchbuilder-dt/-/datatables.net-searchbuilder-dt-2.0.0.tgz",
      "integrity": "sha512-K1H8mTG2DtPyii0DLtGsex2/PYDMzNrbekF9/+bbKyWDdTEUQKNzV2AetUCsXWed4Jjx1FDjvF1+OL/k6RUVAg==",
      "license": "MIT",
      "dependencies": {
        "datatables.net-dt": "^3",
        "datatables.net-searchbuilder": "2.0.0"
      }
    },
    "node_modules/datatables.net-searchbuilder/node_modules/datatables.net": {
      "version": "3.0.1",
      "resolved": "https://registry.npmjs.org/datatables.net/-/datatables.net-3.0.1.tgz",
      "integrity": "sha512-cV/2DJr42PFMnK9sAoK/QbcuE7g9HYF0x0vOND7WRsG2RWMkiyOY8TOJFbi+uDkBH4I7ggmkBvO+j4gNoh+u3g==",
      "license": "MIT"
    },
    "node_modules/datatables.net-searchpanes": {
      "version": "2.3.5",
      "resolved": "https://registry.npmjs.org/datatables.net-searchpanes/-/datatables.net-searchpanes-2.3.5.tgz",
      "integrity": "sha512-e8c1IJULwqbPANfgFe3Nwlb+QGfeXPtIT348si95iQER94CcEbt0Eps9iA7Ql0IYm4sDlaHGt1Bdm6GjiqmzIA==",
      "license": "MIT",
      "dependencies": {
        "datatables.net": "^2",
        "jquery": ">=1.7"
      }
    },
    "node_modules/datatables.net-searchpanes-dt": {
      "version": "2.3.5",
      "resolved": "https://registry.npmjs.org/datatables.net-searchpanes-dt/-/datatables.net-searchpanes-dt-2.3.5.tgz",
      "integrity": "sha512-8mEP0mXdqCltPSSKH9DEl1CCdCutsj/xICpH4e5rMvuQRK9VxoQpS32zjXuLVj5fvB7qm8knMOEX2NWqDN+PAA==",
      "license": "MIT",
      "dependencies": {
        "datatables.net-dt": "^2",
        "datatables.net-searchpanes": "2.3.5",
        "jquery": ">=1.7"
      }
    },
    "node_modules/datatables.net-searchpanes-dt/node_modules/datatables.net-dt": {
      "version": "2.3.8",
      "resolved": "https://registry.npmjs.org/datatables.net-dt/-/datatables.net-dt-2.3.8.tgz",
      "integrity": "sha512-GD4on0YvNlUS/l+mrXeA1OC2JDzF2/GGbehVv4AacwtiFaoTwqxZseiR0cED6w59u/lgpVrZRC2RwuubUX996Q==",
      "license": "MIT",
      "dependencies": {
        "datatables.net": "2.3.8",
        "jquery": ">=1.7"
      }
    },
    "node_modules/datatables.net-select": {
      "version": "4.0.0",
      "resolved": "https://registry.npmjs.org/datatables.net-select/-/datatables.net-select-4.0.0.tgz",
      "integrity": "sha512-05oNQ7l1ETbHQ1SFfWTNq1SEe9FqA+NycIA14csVZ1z9bUndegRy/z5MwnOJreZlya5kbtPVv9R6jwMtrebY/g==",
      "license": "MIT",
      "dependencies": {
        "datatables.net": "^3"
      }
    },
    "node_modules/datatables.net-select-dt": {
      "version": "4.0.0",
      "resolved": "https://registry.npmjs.org/datatables.net-select-dt/-/datatables.net-select-dt-4.0.0.tgz",
      "integrity": "sha512-vFsCZhXFzr6F/4qV+ZFarKglfObu7BeDtsfAfhYpEUmvnvFdCTSa/aJcRACe6H5zQhV9dH6v+Lsh8BX0t92yCQ==",
      "license": "MIT",
      "dependencies": {
        "datatables.net-dt": "^3",
        "datatables.net-select": "4.0.0"
      }
    },
    "node_modules/datatables.net-select/node_modules/datatables.net": {
      "version": "3.0.1",
      "resolved": "https://registry.npmjs.org/datatables.net/-/datatables.net-3.0.1.tgz",
      "integrity": "sha512-cV/2DJr42PFMnK9sAoK/QbcuE7g9HYF0x0vOND7WRsG2RWMkiyOY8TOJFbi+uDkBH4I7ggmkBvO+j4gNoh+u3g==",
      "license": "MIT"
    },
    "node_modules/esbuild": {
      "version": "0.28.1",
      "resolved": "https://registry.npmjs.org/esbuild/-/esbuild-0.28.1.tgz",
      "integrity": "sha512-HrJrvZv5ayxBzPfwphOoNzkzOIIlifzk0KJrGK2c8R4+LKpMtpYLQeUdjnwjWv/LZlkH2laZk+4w78pi99D4Vw==",
      "dev": true,
      "hasInstallScript": true,
      "license": "MIT",
      "bin": {
        "esbuild": "bin/esbuild"
      },
      "engines": {
        "node": ">=18"
      },
      "optionalDependencies": {
        "@esbuild/aix-ppc64": "0.28.1",
        "@esbuild/android-arm": "0.28.1",
        "@esbuild/android-arm64": "0.28.1",
        "@esbuild/android-x64": "0.28.1",
        "@esbuild/darwin-arm64": "0.28.1",
        "@esbuild/darwin-x64": "0.28.1",
        "@esbuild/freebsd-arm64": "0.28.1",
        "@esbuild/freebsd-x64": "0.28.1",
        "@esbuild/linux-arm": "0.28.1",
        "@esbuild/linux-arm64": "0.28.1",
        "@esbuild/linux-ia32": "0.28.1",
        "@esbuild/linux-loong64": "0.28.1",
        "@esbuild/linux-mips64el": "0.28.1",
        "@esbuild/linux-ppc64": "0.28.1",
        "@esbuild/linux-riscv64": "0.28.1",
        "@esbuild/linux-s390x": "0.28.1",
        "@esbuild/linux-x64": "0.28.1",
        "@esbuild/netbsd-arm64": "0.28.1",
        "@esbuild/netbsd-x64": "0.28.1",
        "@esbuild/openbsd-arm64": "0.28.1",
        "@esbuild/openbsd-x64": "0.28.1",
        "@esbuild/openharmony-arm64": "0.28.1",
        "@esbuild/sunos-x64": "0.28.1",
        "@esbuild/win32-arm64": "0.28.1",
        "@esbuild/win32-ia32": "0.28.1",
        "@esbuild/win32-x64": "0.28.1"
      }
    },
    "node_modules/immediate": {
      "version": "3.0.6",
      "resolved": "https://registry.npmjs.org/immediate/-/immediate-3.0.6.tgz",
      "integrity": "sha512-XXOFtyqDjNDAQxVfYxuF7g9Il/IbWmmlQg2MYKOH8ExIT1qg6xc4zyS3HaEEATgs1btfzxq15ciUiY7gjSXRGQ==",
      "license": "MIT"
    },
    "node_modules/inherits": {
      "version": "2.0.4",
      "resolved": "https://registry.npmjs.org/inherits/-/inherits-2.0.4.tgz",
      "integrity": "sha512-k/vGaX4/Yla3WzyMCvTQOXYeIHvqOKtnqBduzTHpzpQZzAskKMhZ2K+EnBiSM9zGSoIFeMpXKxa4dYeZIQqewQ==",
      "license": "ISC"
    },
    "node_modules/isarray": {
      "version": "1.0.0",
      "resolved": "https://registry.npmjs.org/isarray/-/isarray-1.0.0.tgz",
      "integrity": "sha512-VLghIWNM6ELQzo7zwmcg0NmTVyWKYjvIeM83yjp0wRDTmUnrM678fQbcKBo6n2CJEF0szoG//ytg+TKla89ALQ==",
      "license": "MIT"
    },
    "node_modules/jquery": {
      "version": "4.0.0",
      "resolved": "https://registry.npmjs.org/jquery/-/jquery-4.0.0.tgz",
      "integrity": "sha512-TXCHVR3Lb6TZdtw1l3RTLf8RBWVGexdxL6AC8/e0xZKEpBflBsjh9/8LXw+dkNFuOyW9B7iB3O1sP7hS0Kiacg==",
      "license": "MIT"
    },
    "node_modules/jszip": {
      "version": "3.10.1",
      "resolved": "https://registry.npmjs.org/jszip/-/jszip-3.10.1.tgz",
      "integrity": "sha512-xXDvecyTpGLrqFrvkrUSoxxfJI5AH7U8zxxtVclpsUtMCq4JQ290LY8AW5c7Ggnr/Y/oK+bQMbqK2qmtk3pN4g==",
      "license": "(MIT OR GPL-3.0-or-later)",
      "dependencies": {
        "lie": "~3.3.0",
        "pako": "~1.0.2",
        "readable-stream": "~2.3.6",
        "setimmediate": "^1.0.5"
      }
    },
    "node_modules/lie": {
      "version": "3.3.0",
      "resolved": "https://registry.npmjs.org/lie/-/lie-3.3.0.tgz",
      "integrity": "sha512-UaiMJzeWRlEujzAuw5LokY1L5ecNQYZKfmyZ9L7wDHb/p5etKaxXhohBcrw0EYby+G/NA52vRSN4N39dxHAIwQ==",
      "license": "MIT",
      "dependencies": {
        "immediate": "~3.0.5"
      }
    },
    "node_modules/pako": {
      "version": "1.0.11",
      "resolved": "https://registry.npmjs.org/pako/-/pako-1.0.11.tgz",
      "integrity": "sha512-4hLB8Py4zZce5s4yd9XzopqwVv/yGNhV1Bl8NTmCq1763HeK2+EwVTv+leGeL13Dnh2wfbqowVPXCIO0z4taYw==",
      "license": "(MIT AND Zlib)"
    },
    "node_modules/process-nextick-args": {
      "version": "2.0.1",
      "resolved": "https://registry.npmjs.org/process-nextick-args/-/process-nextick-args-2.0.1.tgz",
      "integrity": "sha512-3ouUOpQhtgrbOa17J7+uxOTpITYWaGP7/AhoR3+A+/1e9skrzelGi/dXzEYyvbxubEF6Wn2ypscTKiKJFFn1ag==",
      "license": "MIT"
    },
    "node_modules/readable-stream": {
      "version": "2.3.8",
      "resolved": "https://registry.npmjs.org/readable-stream/-/readable-stream-2.3.8.tgz",
      "integrity": "sha512-8p0AUk4XODgIewSi0l8Epjs+EVnWiK7NoDIEGU0HhE7+ZyY8D1IMY7odu5lRrFXGg71L15KG8QrPmum45RTtdA==",
      "license": "MIT",
      "dependencies": {
        "core-util-is": "~1.0.0",
        "inherits": "~2.0.3",
        "isarray": "~1.0.0",
        "process-nextick-args": "~2.0.0",
        "safe-buffer": "~5.1.1",
        "string_decoder": "~1.1.1",
        "util-deprecate": "~1.0.1"
      }
    },
    "node_modules/safe-buffer": {
      "version": "5.1.2",
      "resolved": "https://registry.npmjs.org/safe-buffer/-/safe-buffer-5.1.2.tgz",
      "integrity": "sha512-Gd2UZBJDkXlY7GbJxfsE8/nvKkUEU1G38c1siN6QP6a9PT9MmHB8GnpscSmMJSoF8LOIrt8ud/wPtojys4G6+g==",
      "license": "MIT"
    },
    "node_modules/setimmediate": {
      "version": "1.0.5",
      "resolved": "https://registry.npmjs.org/setimmediate/-/setimmediate-1.0.5.tgz",
      "integrity": "sha512-MATJdZp8sLqDl/68LfQmbP8zKPLQNV6BIZoIgrscFDQ+RsvK/BxeDQOgyxKKoh0y/8h3BqVFnCqQ/gd+reiIXA==",
      "license": "MIT"
    },
    "node_modules/string_decoder": {
      "version": "1.1.1",
      "resolved": "https://registry.npmjs.org/string_decoder/-/string_decoder-1.1.1.tgz",
      "integrity": "sha512-n/ShnvDi6FHbbVfviro+WojiFzv+s8MPMHBczVePfUpDJLwoLT0ht1l4YwBCbi8pJAveEEdnkHyPyTP/mzRfwg==",
      "license": "MIT",
      "dependencies": {
        "safe-buffer": "~5.1.0"
      }
    },
    "node_modules/util-deprecate": {
      "version": "1.0.2",
      "resolved": "https://registry.npmjs.org/util-deprecate/-/util-deprecate-1.0.2.tgz",
      "integrity": "sha512-EPD5q1uXyFxJpCrLnCc1nHnq3gOa6DZBocAIiI2TaSCA7VCJ1UJDMagCzIkXNsUYfD1daK//LTEQ8xiIbrHtcw==",
      "license": "MIT"
    }
  }
}
