{
  "name": "dt_for_itables",
  "version": "2.3.1",
  "lockfileVersion": 3,
  "requires": true,
  "packages": {
    "": {
      "name": "dt_for_itables",
      "version": "2.3.1",
      "license": "MIT",
      "dependencies": {
        "datatables.net-buttons": "^3.0.1",
        "datatables.net-buttons-dt": "^3.2.3",
        "datatables.net-datetime": "^1.5.5",
        "datatables.net-dt": "^2.3.0",
        "datatables.net-fixedcolumns-dt": "^5.0.4",
        "datatables.net-keytable-dt": "^2.12.1",
        "datatables.net-plugins": "^2.3.0",
        "datatables.net-rowgroup-dt": "^1.5.1",
        "datatables.net-searchbuilder-dt": "^1.8.2",
        "datatables.net-searchpanes-dt": "^2.3.3",
        "datatables.net-select-dt": "^3.0.0",
        "jquery": "^3.7.1",
        "jszip": "^3.10.1"
      },
      "devDependencies": {
        "esbuild": "^0.25.3"
      }
    },
    "node_modules/@esbuild/aix-ppc64": {
      "version": "0.25.3",
      "resolved": "https://registry.npmjs.org/@esbuild/aix-ppc64/-/aix-ppc64-0.25.3.tgz",
      "integrity": "sha512-W8bFfPA8DowP8l//sxjJLSLkD8iEjMc7cBVyP+u4cEv9sM7mdUCkgsj+t0n/BWPFtv7WWCN5Yzj0N6FJNUUqBQ==",
      "cpu": [
        "ppc64"
      ],
      "dev": true,
      "license": "MIT",
      "optional": true,
      "os": [
        "aix"
      ],
      "engines": {
        "node": ">=18"
      }
    },
    "node_modules/@esbuild/android-arm": {
      "version": "0.25.3",
      "resolved": "https://registry.npmjs.org/@esbuild/android-arm/-/android-arm-0.25.3.tgz",
      "integrity": "sha512-PuwVXbnP87Tcff5I9ngV0lmiSu40xw1At6i3GsU77U7cjDDB4s0X2cyFuBiDa1SBk9DnvWwnGvVaGBqoFWPb7A==",
      "cpu": [
        "arm"
      ],
      "dev": true,
      "license": "MIT",
      "optional": true,
      "os": [
        "android"
      ],
      "engines": {
        "node": ">=18"
      }
    },
    "node_modules/@esbuild/android-arm64": {
      "version": "0.25.3",
      "resolved": "https://registry.npmjs.org/@esbuild/android-arm64/-/android-arm64-0.25.3.tgz",
      "integrity": "sha512-XelR6MzjlZuBM4f5z2IQHK6LkK34Cvv6Rj2EntER3lwCBFdg6h2lKbtRjpTTsdEjD/WSe1q8UyPBXP1x3i/wYQ==",
      "cpu": [
        "arm64"
      ],
      "dev": true,
      "license": "MIT",
      "optional": true,
      "os": [
        "android"
      ],
      "engines": {
        "node": ">=18"
      }
    },
    "node_modules/@esbuild/android-x64": {
      "version": "0.25.3",
      "resolved": "https://registry.npmjs.org/@esbuild/android-x64/-/android-x64-0.25.3.tgz",
      "integrity": "sha512-ogtTpYHT/g1GWS/zKM0cc/tIebFjm1F9Aw1boQ2Y0eUQ+J89d0jFY//s9ei9jVIlkYi8AfOjiixcLJSGNSOAdQ==",
      "cpu": [
        "x64"
      ],
      "dev": true,
      "license": "MIT",
      "optional": true,
      "os": [
        "android"
      ],
      "engines": {
        "node": ">=18"
      }
    },
    "node_modules/@esbuild/darwin-arm64": {
      "version": "0.25.3",
      "resolved": "https://registry.npmjs.org/@esbuild/darwin-arm64/-/darwin-arm64-0.25.3.tgz",
      "integrity": "sha512-eESK5yfPNTqpAmDfFWNsOhmIOaQA59tAcF/EfYvo5/QWQCzXn5iUSOnqt3ra3UdzBv073ykTtmeLJZGt3HhA+w==",
      "cpu": [
        "arm64"
      ],
      "dev": true,
      "license": "MIT",
      "optional": true,
      "os": [
        "darwin"
      ],
      "engines": {
        "node": ">=18"
      }
    },
    "node_modules/@esbuild/darwin-x64": {
      "version": "0.25.3",
      "resolved": "https://registry.npmjs.org/@esbuild/darwin-x64/-/darwin-x64-0.25.3.tgz",
      "integrity": "sha512-Kd8glo7sIZtwOLcPbW0yLpKmBNWMANZhrC1r6K++uDR2zyzb6AeOYtI6udbtabmQpFaxJ8uduXMAo1gs5ozz8A==",
      "cpu": [
        "x64"
      ],
      "dev": true,
      "license": "MIT",
      "optional": true,
      "os": [
        "darwin"
      ],
      "engines": {
        "node": ">=18"
      }
    },
    "node_modules/@esbuild/freebsd-arm64": {
      "version": "0.25.3",
      "resolved": "https://registry.npmjs.org/@esbuild/freebsd-arm64/-/freebsd-arm64-0.25.3.tgz",
      "integrity": "sha512-EJiyS70BYybOBpJth3M0KLOus0n+RRMKTYzhYhFeMwp7e/RaajXvP+BWlmEXNk6uk+KAu46j/kaQzr6au+JcIw==",
      "cpu": [
        "arm64"
      ],
      "dev": true,
      "license": "MIT",
      "optional": true,
      "os": [
        "freebsd"
      ],
      "engines": {
        "node": ">=18"
      }
    },
    "node_modules/@esbuild/freebsd-x64": {
      "version": "0.25.3",
      "resolved": "https://registry.npmjs.org/@esbuild/freebsd-x64/-/freebsd-x64-0.25.3.tgz",
      "integrity": "sha512-Q+wSjaLpGxYf7zC0kL0nDlhsfuFkoN+EXrx2KSB33RhinWzejOd6AvgmP5JbkgXKmjhmpfgKZq24pneodYqE8Q==",
      "cpu": [
        "x64"
      ],
      "dev": true,
      "license": "MIT",
      "optional": true,
      "os": [
        "freebsd"
      ],
      "engines": {
        "node": ">=18"
      }
    },
    "node_modules/@esbuild/linux-arm": {
      "version": "0.25.3",
      "resolved": "https://registry.npmjs.org/@esbuild/linux-arm/-/linux-arm-0.25.3.tgz",
      "integrity": "sha512-dUOVmAUzuHy2ZOKIHIKHCm58HKzFqd+puLaS424h6I85GlSDRZIA5ycBixb3mFgM0Jdh+ZOSB6KptX30DD8YOQ==",
      "cpu": [
        "arm"
      ],
      "dev": true,
      "license": "MIT",
      "optional": true,
      "os": [
        "linux"
      ],
      "engines": {
        "node": ">=18"
      }
    },
    "node_modules/@esbuild/linux-arm64": {
      "version": "0.25.3",
      "resolved": "https://registry.npmjs.org/@esbuild/linux-arm64/-/linux-arm64-0.25.3.tgz",
      "integrity": "sha512-xCUgnNYhRD5bb1C1nqrDV1PfkwgbswTTBRbAd8aH5PhYzikdf/ddtsYyMXFfGSsb/6t6QaPSzxtbfAZr9uox4A==",
      "cpu": [
        "arm64"
      ],
      "dev": true,
      "license": "MIT",
      "optional": true,
      "os": [
        "linux"
      ],
      "engines": {
        "node": ">=18"
      }
    },
    "node_modules/@esbuild/linux-ia32": {
      "version": "0.25.3",
      "resolved": "https://registry.npmjs.org/@esbuild/linux-ia32/-/linux-ia32-0.25.3.tgz",
      "integrity": "sha512-yplPOpczHOO4jTYKmuYuANI3WhvIPSVANGcNUeMlxH4twz/TeXuzEP41tGKNGWJjuMhotpGabeFYGAOU2ummBw==",
      "cpu": [
        "ia32"
      ],
      "dev": true,
      "license": "MIT",
      "optional": true,
      "os": [
        "linux"
      ],
      "engines": {
        "node": ">=18"
      }
    },
    "node_modules/@esbuild/linux-loong64": {
      "version": "0.25.3",
      "resolved": "https://registry.npmjs.org/@esbuild/linux-loong64/-/linux-loong64-0.25.3.tgz",
      "integrity": "sha512-P4BLP5/fjyihmXCELRGrLd793q/lBtKMQl8ARGpDxgzgIKJDRJ/u4r1A/HgpBpKpKZelGct2PGI4T+axcedf6g==",
      "cpu": [
        "loong64"
      ],
      "dev": true,
      "license": "MIT",
      "optional": true,
      "os": [
        "linux"
      ],
      "engines": {
        "node": ">=18"
      }
    },
    "node_modules/@esbuild/linux-mips64el": {
      "version": "0.25.3",
      "resolved": "https://registry.npmjs.org/@esbuild/linux-mips64el/-/linux-mips64el-0.25.3.tgz",
      "integrity": "sha512-eRAOV2ODpu6P5divMEMa26RRqb2yUoYsuQQOuFUexUoQndm4MdpXXDBbUoKIc0iPa4aCO7gIhtnYomkn2x+bag==",
      "cpu": [
        "mips64el"
      ],
      "dev": true,
      "license": "MIT",
      "optional": true,
      "os": [
        "linux"
      ],
      "engines": {
        "node": ">=18"
      }
    },
    "node_modules/@esbuild/linux-ppc64": {
      "version": "0.25.3",
      "resolved": "https://registry.npmjs.org/@esbuild/linux-ppc64/-/linux-ppc64-0.25.3.tgz",
      "integrity": "sha512-ZC4jV2p7VbzTlnl8nZKLcBkfzIf4Yad1SJM4ZMKYnJqZFD4rTI+pBG65u8ev4jk3/MPwY9DvGn50wi3uhdaghg==",
      "cpu": [
        "ppc64"
      ],
      "dev": true,
      "license": "MIT",
      "optional": true,
      "os": [
        "linux"
      ],
      "engines": {
        "node": ">=18"
      }
    },
    "node_modules/@esbuild/linux-riscv64": {
      "version": "0.25.3",
      "resolved": "https://registry.npmjs.org/@esbuild/linux-riscv64/-/linux-riscv64-0.25.3.tgz",
      "integrity": "sha512-LDDODcFzNtECTrUUbVCs6j9/bDVqy7DDRsuIXJg6so+mFksgwG7ZVnTruYi5V+z3eE5y+BJZw7VvUadkbfg7QA==",
      "cpu": [
        "riscv64"
      ],
      "dev": true,
      "license": "MIT",
      "optional": true,
      "os": [
        "linux"
      ],
      "engines": {
        "node": ">=18"
      }
    },
    "node_modules/@esbuild/linux-s390x": {
      "version": "0.25.3",
      "resolved": "https://registry.npmjs.org/@esbuild/linux-s390x/-/linux-s390x-0.25.3.tgz",
      "integrity": "sha512-s+w/NOY2k0yC2p9SLen+ymflgcpRkvwwa02fqmAwhBRI3SC12uiS10edHHXlVWwfAagYSY5UpmT/zISXPMW3tQ==",
      "cpu": [
        "s390x"
      ],
      "dev": true,
      "license": "MIT",
      "optional": true,
      "os": [
        "linux"
      ],
      "engines": {
        "node": ">=18"
      }
    },
    "node_modules/@esbuild/linux-x64": {
      "version": "0.25.3",
      "resolved": "https://registry.npmjs.org/@esbuild/linux-x64/-/linux-x64-0.25.3.tgz",
      "integrity": "sha512-nQHDz4pXjSDC6UfOE1Fw9Q8d6GCAd9KdvMZpfVGWSJztYCarRgSDfOVBY5xwhQXseiyxapkiSJi/5/ja8mRFFA==",
      "cpu": [
        "x64"
      ],
      "dev": true,
      "license": "MIT",
      "optional": true,
      "os": [
        "linux"
      ],
      "engines": {
        "node": ">=18"
      }
    },
    "node_modules/@esbuild/netbsd-arm64": {
      "version": "0.25.3",
      "resolved": "https://registry.npmjs.org/@esbuild/netbsd-arm64/-/netbsd-arm64-0.25.3.tgz",
      "integrity": "sha512-1QaLtOWq0mzK6tzzp0jRN3eccmN3hezey7mhLnzC6oNlJoUJz4nym5ZD7mDnS/LZQgkrhEbEiTn515lPeLpgWA==",
      "cpu": [
        "arm64"
      ],
      "dev": true,
      "license": "MIT",
      "optional": true,
      "os": [
        "netbsd"
      ],
      "engines": {
        "node": ">=18"
      }
    },
    "node_modules/@esbuild/netbsd-x64": {
      "version": "0.25.3",
      "resolved": "https://registry.npmjs.org/@esbuild/netbsd-x64/-/netbsd-x64-0.25.3.tgz",
      "integrity": "sha512-i5Hm68HXHdgv8wkrt+10Bc50zM0/eonPb/a/OFVfB6Qvpiirco5gBA5bz7S2SHuU+Y4LWn/zehzNX14Sp4r27g==",
      "cpu": [
        "x64"
      ],
      "dev": true,
      "license": "MIT",
      "optional": true,
      "os": [
        "netbsd"
      ],
      "engines": {
        "node": ">=18"
      }
    },
    "node_modules/@esbuild/openbsd-arm64": {
      "version": "0.25.3",
      "resolved": "https://registry.npmjs.org/@esbuild/openbsd-arm64/-/openbsd-arm64-0.25.3.tgz",
      "integrity": "sha512-zGAVApJEYTbOC6H/3QBr2mq3upG/LBEXr85/pTtKiv2IXcgKV0RT0QA/hSXZqSvLEpXeIxah7LczB4lkiYhTAQ==",
      "cpu": [
        "arm64"
      ],
      "dev": true,
      "license": "MIT",
      "optional": true,
      "os": [
        "openbsd"
      ],
      "engines": {
        "node": ">=18"
      }
    },
    "node_modules/@esbuild/openbsd-x64": {
      "version": "0.25.3",
      "resolved": "https://registry.npmjs.org/@esbuild/openbsd-x64/-/openbsd-x64-0.25.3.tgz",
      "integrity": "sha512-fpqctI45NnCIDKBH5AXQBsD0NDPbEFczK98hk/aa6HJxbl+UtLkJV2+Bvy5hLSLk3LHmqt0NTkKNso1A9y1a4w==",
      "cpu": [
        "x64"
      ],
      "dev": true,
      "license": "MIT",
      "optional": true,
      "os": [
        "openbsd"
      ],
      "engines": {
        "node": ">=18"
      }
    },
    "node_modules/@esbuild/sunos-x64": {
      "version": "0.25.3",
      "resolved": "https://registry.npmjs.org/@esbuild/sunos-x64/-/sunos-x64-0.25.3.tgz",
      "integrity": "sha512-ROJhm7d8bk9dMCUZjkS8fgzsPAZEjtRJqCAmVgB0gMrvG7hfmPmz9k1rwO4jSiblFjYmNvbECL9uhaPzONMfgA==",
      "cpu": [
        "x64"
      ],
      "dev": true,
      "license": "MIT",
      "optional": true,
      "os": [
        "sunos"
      ],
      "engines": {
        "node": ">=18"
      }
    },
    "node_modules/@esbuild/win32-arm64": {
      "version": "0.25.3",
      "resolved": "https://registry.npmjs.org/@esbuild/win32-arm64/-/win32-arm64-0.25.3.tgz",
      "integrity": "sha512-YWcow8peiHpNBiIXHwaswPnAXLsLVygFwCB3A7Bh5jRkIBFWHGmNQ48AlX4xDvQNoMZlPYzjVOQDYEzWCqufMQ==",
      "cpu": [
        "arm64"
      ],
      "dev": true,
      "license": "MIT",
      "optional": true,
      "os": [
        "win32"
      ],
      "engines": {
        "node": ">=18"
      }
    },
    "node_modules/@esbuild/win32-ia32": {
      "version": "0.25.3",
      "resolved": "https://registry.npmjs.org/@esbuild/win32-ia32/-/win32-ia32-0.25.3.tgz",
      "integrity": "sha512-qspTZOIGoXVS4DpNqUYUs9UxVb04khS1Degaw/MnfMe7goQ3lTfQ13Vw4qY/Nj0979BGvMRpAYbs/BAxEvU8ew==",
      "cpu": [
        "ia32"
      ],
      "dev": true,
      "license": "MIT",
      "optional": true,
      "os": [
        "win32"
      ],
      "engines": {
        "node": ">=18"
      }
    },
    "node_modules/@esbuild/win32-x64": {
      "version": "0.25.3",
      "resolved": "https://registry.npmjs.org/@esbuild/win32-x64/-/win32-x64-0.25.3.tgz",
      "integrity": "sha512-ICgUR+kPimx0vvRzf+N/7L7tVSQeE3BYY+NhHRHXS1kBuPO7z2+7ea2HbhDyZdTephgvNvKrlDDKUexuCVBVvg==",
      "cpu": [
        "x64"
      ],
      "dev": true,
      "license": "MIT",
      "optional": true,
      "os": [
        "win32"
      ],
      "engines": {
        "node": ">=18"
      }
    },
    "node_modules/@types/jquery": {
      "version": "3.5.32",
      "resolved": "https://registry.npmjs.org/@types/jquery/-/jquery-3.5.32.tgz",
      "integrity": "sha512-b9Xbf4CkMqS02YH8zACqN1xzdxc3cO735Qe5AbSUFmyOiaWAbcpqh9Wna+Uk0vgACvoQHpWDg2rGdHkYPLmCiQ==",
      "license": "MIT",
      "dependencies": {
        "@types/sizzle": "*"
      }
    },
    "node_modules/@types/sizzle": {
      "version": "2.3.9",
      "resolved": "https://registry.npmjs.org/@types/sizzle/-/sizzle-2.3.9.tgz",
      "integrity": "sha512-xzLEyKB50yqCUPUJkIsrVvoWNfFUbIZI+RspLWt8u+tIW/BetMBZtgV2LY/2o+tYH8dRvQ+eoPf3NdhQCcLE2w==",
      "license": "MIT"
    },
    "node_modules/core-util-is": {
      "version": "1.0.3",
      "resolved": "https://registry.npmjs.org/core-util-is/-/core-util-is-1.0.3.tgz",
      "integrity": "sha512-ZQBvi1DcpJ4GDqanjucZ2Hj3wEO5pZDS89BWbkcrvdxksJorwUDDZamX9ldFkp9aw2lmBDLgkObEA4DWNJ9FYQ==",
      "license": "MIT"
    },
    "node_modules/datatables.net": {
      "version": "2.3.0",
      "resolved": "https://registry.npmjs.org/datatables.net/-/datatables.net-2.3.0.tgz",
      "integrity": "sha512-IX5Dsc7bTNqI3RyT4B7imtFicLMCg7ZLwwx/gvR6cbwYgfG+mLX2KAVm7BNmnwOhUdMMcGSGSE19RpTn31TTGQ==",
      "license": "MIT",
      "dependencies": {
        "jquery": ">=1.7"
      }
    },
    "node_modules/datatables.net-buttons": {
      "version": "3.2.3",
      "resolved": "https://registry.npmjs.org/datatables.net-buttons/-/datatables.net-buttons-3.2.3.tgz",
      "integrity": "sha512-K+WeQWUYVGe5c3Gwb8Gfi7YpUXbJEerik3B2vynnVKpBlYBF5AHTGbrK1Psek2q/mjxeIVNHafQ9eX2otLhJVw==",
      "license": "MIT",
      "dependencies": {
        "datatables.net": "^2",
        "jquery": ">=1.7"
      }
    },
    "node_modules/datatables.net-buttons-dt": {
      "version": "3.2.3",
      "resolved": "https://registry.npmjs.org/datatables.net-buttons-dt/-/datatables.net-buttons-dt-3.2.3.tgz",
      "integrity": "sha512-9b/W8u7pkFdCz5IIexbjR7y/YsFf6Opkx3kOkWyx/rWOXhW/vJXN9rZwKo0cICk7xkOyxnIP70XzelwfnnEo0A==",
      "license": "MIT",
      "dependencies": {
        "datatables.net-buttons": "3.2.3",
        "datatables.net-dt": "^2",
        "jquery": ">=1.7"
      }
    },
    "node_modules/datatables.net-datetime": {
      "version": "1.5.5",
      "resolved": "https://registry.npmjs.org/datatables.net-datetime/-/datatables.net-datetime-1.5.5.tgz",
      "integrity": "sha512-C/O/ztCwhyZs7szbUD1xCU4/+ZPylobi335ltJANtGN0tkjb76fcxOShBHYXMDRfDcIuU6SQXTqN7kZ9SVf+xw==",
      "license": "MIT"
    },
    "node_modules/datatables.net-dt": {
      "version": "2.3.0",
      "resolved": "https://registry.npmjs.org/datatables.net-dt/-/datatables.net-dt-2.3.0.tgz",
      "integrity": "sha512-A2i2rt6b6VQ7ZwbuKpS3NbSy7EDfL65etpCm15vJ5Dk6Qv0OVr//xacTKgkJ7YFWCs32juloQ2vlnVIlGH7qfw==",
      "license": "MIT",
      "dependencies": {
        "datatables.net": "2.3.0",
        "jquery": ">=1.7"
      }
    },
    "node_modules/datatables.net-fixedcolumns": {
      "version": "5.0.4",
      "resolved": "https://registry.npmjs.org/datatables.net-fixedcolumns/-/datatables.net-fixedcolumns-5.0.4.tgz",
      "integrity": "sha512-mYZ18oahD2oopcpBDmbSEZ2w+bna4TuTmmoaNd01JLEkJWsAH2yZ99fYslLrBX5Rku4GnCG5J8Sr3cJrrLw+3g==",
      "license": "MIT",
      "dependencies": {
        "datatables.net": "^2",
        "jquery": ">=1.7"
      }
    },
    "node_modules/datatables.net-fixedcolumns-dt": {
      "version": "5.0.4",
      "resolved": "https://registry.npmjs.org/datatables.net-fixedcolumns-dt/-/datatables.net-fixedcolumns-dt-5.0.4.tgz",
      "integrity": "sha512-zfy/3Nuxy6eE4Crnum/L5hZQShvtXrPBN5HDmmXXefd9xMl8Zl+a+kH4ykWXDa3U6x75molirCcW98UiMtomiw==",
      "license": "MIT",
      "dependencies": {
        "datatables.net-dt": "^2",
        "datatables.net-fixedcolumns": "5.0.4",
        "jquery": ">=1.7"
      }
    },
    "node_modules/datatables.net-keytable": {
      "version": "2.12.1",
      "resolved": "https://registry.npmjs.org/datatables.net-keytable/-/datatables.net-keytable-2.12.1.tgz",
      "integrity": "sha512-MR/qvBxVXld3i+YZfLAv/yCMvzh1trEIMpLo7YU0DP/CIWewHhkFeTS0G3tJgLjBes4v4tyR0Zjf6R9aMtMBEw==",
      "license": "MIT",
      "dependencies": {
        "datatables.net": ">=1.11.0",
        "jquery": ">=1.7"
      }
    },
    "node_modules/datatables.net-keytable-dt": {
      "version": "2.12.1",
      "resolved": "https://registry.npmjs.org/datatables.net-keytable-dt/-/datatables.net-keytable-dt-2.12.1.tgz",
      "integrity": "sha512-seg1tgCxulPa5v3StBQ/UPvbsQ1BROl2MoYrNpB9c9GimfPypWPvJQv0IXbb8LR58IAzdDHC6rCvbtmtgHKsqA==",
      "license": "MIT",
      "dependencies": {
        "datatables.net-dt": ">=1.11.0",
        "datatables.net-keytable": "2.12.1",
        "jquery": ">=1.7"
      }
    },
    "node_modules/datatables.net-plugins": {
      "version": "2.3.0",
      "resolved": "https://registry.npmjs.org/datatables.net-plugins/-/datatables.net-plugins-2.3.0.tgz",
      "integrity": "sha512-hO2XgMHOSAm2P6xVN+7Bw9R6jCVniBP0Z/cxrRaz7dKWte5o1xHUVTdab/IPZlzJnUSLAbjVW0aPOrjgFKNwaQ==",
      "license": "MIT",
      "dependencies": {
        "@types/jquery": "^3.5.16",
        "datatables.net": "^2.0.8"
      }
    },
    "node_modules/datatables.net-rowgroup": {
      "version": "1.5.1",
      "resolved": "https://registry.npmjs.org/datatables.net-rowgroup/-/datatables.net-rowgroup-1.5.1.tgz",
      "integrity": "sha512-yDn+UCG9vrztt4obqt0YogyjH/i1D5Fyxnt4r5++T/ZaYhjKLU8zG9hkQXMx81M7RgeOtkv0eEpo/c+72w8T0w==",
      "license": "MIT",
      "dependencies": {
        "datatables.net": "^2",
        "jquery": ">=1.7"
      }
    },
    "node_modules/datatables.net-rowgroup-dt": {
      "version": "1.5.1",
      "resolved": "https://registry.npmjs.org/datatables.net-rowgroup-dt/-/datatables.net-rowgroup-dt-1.5.1.tgz",
      "integrity": "sha512-wF9alo6mkJiRq9mjN2bBRl9RPSUDS449vH2/hsHPBUDQic69sajdMEYUMmgRajmvFY/GiwhzsMRDIOljUEOIxg==",
      "license": "MIT",
      "dependencies": {
        "datatables.net-dt": "^2",
        "datatables.net-rowgroup": "1.5.1",
        "jquery": ">=1.7"
      }
    },
    "node_modules/datatables.net-searchbuilder": {
      "version": "1.8.2",
      "resolved": "https://registry.npmjs.org/datatables.net-searchbuilder/-/datatables.net-searchbuilder-1.8.2.tgz",
      "integrity": "sha512-4GdiJAcSvTWoTIZNXLNkHEUFHxe0vnqDNUsEPqDhmgC2s3ApJ/FCzCmVLQ823MBO7ypZjJvR/TNrceSEToZMoQ==",
      "license": "MIT",
      "dependencies": {
        "datatables.net": "^2",
        "jquery": ">=1.7"
      }
    },
    "node_modules/datatables.net-searchbuilder-dt": {
      "version": "1.8.2",
      "resolved": "https://registry.npmjs.org/datatables.net-searchbuilder-dt/-/datatables.net-searchbuilder-dt-1.8.2.tgz",
      "integrity": "sha512-jaXd+AON5HVYYR10kDL7exQ+SqIngTltJjCN6vJCXgOgpr1LOcZDpENgT3ElWFdyx5kZLV9W2izXR2rPCi5lXA==",
      "license": "MIT",
      "dependencies": {
        "datatables.net-dt": "^2",
        "datatables.net-searchbuilder": "1.8.2",
        "jquery": ">=1.7"
      }
    },
    "node_modules/datatables.net-searchpanes": {
      "version": "2.3.3",
      "resolved": "https://registry.npmjs.org/datatables.net-searchpanes/-/datatables.net-searchpanes-2.3.3.tgz",
      "integrity": "sha512-iARaOcKPCotCx5Ip5TrJl+lvhYOpEXHzp7xMukcD2fmOkTPgK0CMRKQPF7eJx1aY4nWtm9ythBt6v1TRpEnO1w==",
      "license": "MIT",
      "dependencies": {
        "datatables.net": "^2",
        "jquery": ">=1.7"
      }
    },
    "node_modules/datatables.net-searchpanes-dt": {
      "version": "2.3.3",
      "resolved": "https://registry.npmjs.org/datatables.net-searchpanes-dt/-/datatables.net-searchpanes-dt-2.3.3.tgz",
      "integrity": "sha512-a9PZVjidLbMXppH2dcU6KnUzOrsnvTWODV+UjUy8jyjkOa4i76rk0BIw5cIyChJZvBXlDwh0iQw61hV8QR03Ag==",
      "license": "MIT",
      "dependencies": {
        "datatables.net-dt": "^2",
        "datatables.net-searchpanes": "2.3.3",
        "jquery": ">=1.7"
      }
    },
    "node_modules/datatables.net-select": {
      "version": "3.0.0",
      "resolved": "https://registry.npmjs.org/datatables.net-select/-/datatables.net-select-3.0.0.tgz",
      "integrity": "sha512-g01Q5ISjiAtoKz/DvOcf3qFqhwRt0mDhy5buivFxEgpiIDOkLFhtvYEjtUctrLX7PT2yVJfsQY5cPFM/5spjKQ==",
      "license": "MIT",
      "dependencies": {
        "datatables.net": "^2",
        "jquery": ">=1.7"
      }
    },
    "node_modules/datatables.net-select-dt": {
      "version": "3.0.0",
      "resolved": "https://registry.npmjs.org/datatables.net-select-dt/-/datatables.net-select-dt-3.0.0.tgz",
      "integrity": "sha512-3DkuDQN+2l4g600emm5zpDkUQ+qYnjSoAuHxuFm1pdmXWU3ga71vEc0gJa2VhH2vVbhXaCuhf16lxXMpj4Qn8A==",
      "license": "MIT",
      "dependencies": {
        "datatables.net-dt": "^2",
        "datatables.net-select": "3.0.0",
        "jquery": ">=1.7"
      }
    },
    "node_modules/esbuild": {
      "version": "0.25.3",
      "resolved": "https://registry.npmjs.org/esbuild/-/esbuild-0.25.3.tgz",
      "integrity": "sha512-qKA6Pvai73+M2FtftpNKRxJ78GIjmFXFxd/1DVBqGo/qNhLSfv+G12n9pNoWdytJC8U00TrViOwpjT0zgqQS8Q==",
      "dev": true,
      "hasInstallScript": true,
      "license": "MIT",
      "bin": {
        "esbuild": "bin/esbuild"
      },
      "engines": {
        "node": ">=18"
      },
      "optionalDependencies": {
        "@esbuild/aix-ppc64": "0.25.3",
        "@esbuild/android-arm": "0.25.3",
        "@esbuild/android-arm64": "0.25.3",
        "@esbuild/android-x64": "0.25.3",
        "@esbuild/darwin-arm64": "0.25.3",
        "@esbuild/darwin-x64": "0.25.3",
        "@esbuild/freebsd-arm64": "0.25.3",
        "@esbuild/freebsd-x64": "0.25.3",
        "@esbuild/linux-arm": "0.25.3",
        "@esbuild/linux-arm64": "0.25.3",
        "@esbuild/linux-ia32": "0.25.3",
        "@esbuild/linux-loong64": "0.25.3",
        "@esbuild/linux-mips64el": "0.25.3",
        "@esbuild/linux-ppc64": "0.25.3",
        "@esbuild/linux-riscv64": "0.25.3",
        "@esbuild/linux-s390x": "0.25.3",
        "@esbuild/linux-x64": "0.25.3",
        "@esbuild/netbsd-arm64": "0.25.3",
        "@esbuild/netbsd-x64": "0.25.3",
        "@esbuild/openbsd-arm64": "0.25.3",
        "@esbuild/openbsd-x64": "0.25.3",
        "@esbuild/sunos-x64": "0.25.3",
        "@esbuild/win32-arm64": "0.25.3",
        "@esbuild/win32-ia32": "0.25.3",
        "@esbuild/win32-x64": "0.25.3"
      }
    },
    "node_modules/immediate": {
      "version": "3.0.6",
      "resolved": "https://registry.npmjs.org/immediate/-/immediate-3.0.6.tgz",
      "integrity": "sha512-XXOFtyqDjNDAQxVfYxuF7g9Il/IbWmmlQg2MYKOH8ExIT1qg6xc4zyS3HaEEATgs1btfzxq15ciUiY7gjSXRGQ==",
      "license": "MIT"
    },
    "node_modules/inherits": {
      "version": "2.0.4",
      "resolved": "https://registry.npmjs.org/inherits/-/inherits-2.0.4.tgz",
      "integrity": "sha512-k/vGaX4/Yla3WzyMCvTQOXYeIHvqOKtnqBduzTHpzpQZzAskKMhZ2K+EnBiSM9zGSoIFeMpXKxa4dYeZIQqewQ==",
      "license": "ISC"
    },
    "node_modules/isarray": {
      "version": "1.0.0",
      "resolved": "https://registry.npmjs.org/isarray/-/isarray-1.0.0.tgz",
      "integrity": "sha512-VLghIWNM6ELQzo7zwmcg0NmTVyWKYjvIeM83yjp0wRDTmUnrM678fQbcKBo6n2CJEF0szoG//ytg+TKla89ALQ==",
      "license": "MIT"
    },
    "node_modules/jquery": {
      "version": "3.7.1",
      "resolved": "https://registry.npmjs.org/jquery/-/jquery-3.7.1.tgz",
      "integrity": "sha512-m4avr8yL8kmFN8psrbFFFmB/If14iN5o9nw/NgnnM+kybDJpRsAynV2BsfpTYrTRysYUdADVD7CkUUizgkpLfg==",
      "license": "MIT"
    },
    "node_modules/jszip": {
      "version": "3.10.1",
      "resolved": "https://registry.npmjs.org/jszip/-/jszip-3.10.1.tgz",
      "integrity": "sha512-xXDvecyTpGLrqFrvkrUSoxxfJI5AH7U8zxxtVclpsUtMCq4JQ290LY8AW5c7Ggnr/Y/oK+bQMbqK2qmtk3pN4g==",
      "license": "(MIT OR GPL-3.0-or-later)",
      "dependencies": {
        "lie": "~3.3.0",
        "pako": "~1.0.2",
        "readable-stream": "~2.3.6",
        "setimmediate": "^1.0.5"
      }
    },
    "node_modules/lie": {
      "version": "3.3.0",
      "resolved": "https://registry.npmjs.org/lie/-/lie-3.3.0.tgz",
      "integrity": "sha512-UaiMJzeWRlEujzAuw5LokY1L5ecNQYZKfmyZ9L7wDHb/p5etKaxXhohBcrw0EYby+G/NA52vRSN4N39dxHAIwQ==",
      "license": "MIT",
      "dependencies": {
        "immediate": "~3.0.5"
      }
    },
    "node_modules/pako": {
      "version": "1.0.11",
      "resolved": "https://registry.npmjs.org/pako/-/pako-1.0.11.tgz",
      "integrity": "sha512-4hLB8Py4zZce5s4yd9XzopqwVv/yGNhV1Bl8NTmCq1763HeK2+EwVTv+leGeL13Dnh2wfbqowVPXCIO0z4taYw==",
      "license": "(MIT AND Zlib)"
    },
    "node_modules/process-nextick-args": {
      "version": "2.0.1",
      "resolved": "https://registry.npmjs.org/process-nextick-args/-/process-nextick-args-2.0.1.tgz",
      "integrity": "sha512-3ouUOpQhtgrbOa17J7+uxOTpITYWaGP7/AhoR3+A+/1e9skrzelGi/dXzEYyvbxubEF6Wn2ypscTKiKJFFn1ag==",
      "license": "MIT"
    },
    "node_modules/readable-stream": {
      "version": "2.3.8",
      "resolved": "https://registry.npmjs.org/readable-stream/-/readable-stream-2.3.8.tgz",
      "integrity": "sha512-8p0AUk4XODgIewSi0l8Epjs+EVnWiK7NoDIEGU0HhE7+ZyY8D1IMY7odu5lRrFXGg71L15KG8QrPmum45RTtdA==",
      "license": "MIT",
      "dependencies": {
        "core-util-is": "~1.0.0",
        "inherits": "~2.0.3",
        "isarray": "~1.0.0",
        "process-nextick-args": "~2.0.0",
        "safe-buffer": "~5.1.1",
        "string_decoder": "~1.1.1",
        "util-deprecate": "~1.0.1"
      }
    },
    "node_modules/safe-buffer": {
      "version": "5.1.2",
      "resolved": "https://registry.npmjs.org/safe-buffer/-/safe-buffer-5.1.2.tgz",
      "integrity": "sha512-Gd2UZBJDkXlY7GbJxfsE8/nvKkUEU1G38c1siN6QP6a9PT9MmHB8GnpscSmMJSoF8LOIrt8ud/wPtojys4G6+g==",
      "license": "MIT"
    },
    "node_modules/setimmediate": {
      "version": "1.0.5",
      "resolved": "https://registry.npmjs.org/setimmediate/-/setimmediate-1.0.5.tgz",
      "integrity": "sha512-MATJdZp8sLqDl/68LfQmbP8zKPLQNV6BIZoIgrscFDQ+RsvK/BxeDQOgyxKKoh0y/8h3BqVFnCqQ/gd+reiIXA==",
      "license": "MIT"
    },
    "node_modules/string_decoder": {
      "version": "1.1.1",
      "resolved": "https://registry.npmjs.org/string_decoder/-/string_decoder-1.1.1.tgz",
      "integrity": "sha512-n/ShnvDi6FHbbVfviro+WojiFzv+s8MPMHBczVePfUpDJLwoLT0ht1l4YwBCbi8pJAveEEdnkHyPyTP/mzRfwg==",
      "license": "MIT",
      "dependencies": {
        "safe-buffer": "~5.1.0"
      }
    },
    "node_modules/util-deprecate": {
      "version": "1.0.2",
      "resolved": "https://registry.npmjs.org/util-deprecate/-/util-deprecate-1.0.2.tgz",
      "integrity": "sha512-EPD5q1uXyFxJpCrLnCc1nHnq3gOa6DZBocAIiI2TaSCA7VCJ1UJDMagCzIkXNsUYfD1daK//LTEQ8xiIbrHtcw==",
      "license": "MIT"
    }
  }
}
